{
  "name": "@datagrok/leaflet",
  "version": "1.0.0",
  "lockfileVersion": 2,
  "requires": true,
  "packages": {
    "": {
      "name": "@datagrok/leaflet",
      "version": "1.0.0",
      "dependencies": {
        "datagrok-api": "^1.0.0"
      }
    },
    "node_modules/@types/prop-types": {
      "version": "15.7.5",
      "resolved": "https://registry.npmjs.org/@types/prop-types/-/prop-types-15.7.5.tgz",
      "integrity": "sha512-JCB8C6SnDoQf0cNycqd/35A7MjcnK+ZTqE7judS6o7utxUCg6imJg3QK2qzHKszlTjcj2cn+NwMB2i96ubpj7w=="
    },
    "node_modules/@types/react": {
      "version": "18.0.15",
      "resolved": "https://registry.npmjs.org/@types/react/-/react-18.0.15.tgz",
      "integrity": "sha512-iz3BtLuIYH1uWdsv6wXYdhozhqj20oD4/Hk2DNXIn1kFsmp9x8d9QB6FnPhfkbhd2PgEONt9Q1x/ebkwjfFLow==",
      "dependencies": {
        "@types/prop-types": "*",
        "@types/scheduler": "*",
        "csstype": "^3.0.2"
      }
    },
    "node_modules/@types/scheduler": {
      "version": "0.16.2",
      "resolved": "https://registry.npmjs.org/@types/scheduler/-/scheduler-0.16.2.tgz",
      "integrity": "sha512-hppQEBDmlwhFAXKJX2KnWLYu5yMfi91yazPb2l+lbJiwW+wdo1gNeRA+3RgNSO39WYX2euey41KEwnqesU2Jew=="
    },
    "node_modules/@types/wu": {
      "version": "2.1.42",
      "resolved": "https://registry.npmjs.org/@types/wu/-/wu-2.1.42.tgz",
      "integrity": "sha512-+GTq3oqVD+DY7iANRfazy8YhLlKwxIG2hTCF72W+yuCbnjZ6PSkxju/3emOZ4+lzMJ7ximpY3XnCQSBjIGbYgw=="
    },
    "node_modules/cash-dom": {
      "version": "8.1.1",
      "resolved": "https://registry.npmjs.org/cash-dom/-/cash-dom-8.1.1.tgz",
      "integrity": "sha512-aMESow+8m7EuifAeNhpnRHQHN8O24gGeiR53lebD5ShBCisBCoB4y5BBe9pGXtTPP6b1qCp90W9HaaUARyc16Q=="
    },
    "node_modules/csstype": {
      "version": "3.1.0",
      "resolved": "https://registry.npmjs.org/csstype/-/csstype-3.1.0.tgz",
      "integrity": "sha512-uX1KG+x9h5hIJsaKR9xHUeUraxf8IODOwq9JLNPq6BwB04a/xgpq3rcx47l5BZu5zBPlgD342tdke3Hom/nJRA=="
    },
    "node_modules/datagrok-api": {
      "version": "1.5.1",
      "resolved": "https://registry.npmjs.org/datagrok-api/-/datagrok-api-1.5.1.tgz",
      "integrity": "sha512-tUOPvjr9k04xC+UT8HvYs8QTr1cr3dYDhAABPT/e2SqPj0AgvsUPNH7amrLsZazDh5q7+X3CULK//yoHzYnOQQ==",
      "dependencies": {
        "@types/react": "latest",
        "@types/wu": "latest",
        "cash-dom": "^8.0.0",
        "dayjs": "latest",
        "openchemlib": "^7.2.3",
        "react": "latest",
        "rxjs": "^6.5.5",
        "typescript": "^4.2.3",
        "wu": "latest"
      }
    },
    "node_modules/dayjs": {
      "version": "1.11.4",
      "resolved": "https://registry.npmjs.org/dayjs/-/dayjs-1.11.4.tgz",
      "integrity": "sha512-Zj/lPM5hOvQ1Bf7uAvewDaUcsJoI6JmNqmHhHl3nyumwe0XHwt8sWdOVAPACJzCebL8gQCi+K49w7iKWnGwX9g=="
    },
    "node_modules/js-tokens": {
      "version": "4.0.0",
      "resolved": "https://registry.npmjs.org/js-tokens/-/js-tokens-4.0.0.tgz",
      "integrity": "sha512-RdJUflcE3cUzKiMqQgsCu06FPu9UdIJO0beYbPhHN4k6apgJtifcoCtT9bcxOpYBtpD2kCM6Sbzg4CausW/PKQ=="
    },
    "node_modules/loose-envify": {
      "version": "1.4.0",
      "resolved": "https://registry.npmjs.org/loose-envify/-/loose-envify-1.4.0.tgz",
      "integrity": "sha512-lyuxPGr/Wfhrlem2CL/UcnUc1zcqKAImBDzukY7Y5F/yQiNdko6+fRLevlw1HgMySw7f611UIY408EtxRSoK3Q==",
      "dependencies": {
        "js-tokens": "^3.0.0 || ^4.0.0"
      },
      "bin": {
        "loose-envify": "cli.js"
      }
    },
    "node_modules/openchemlib": {
      "version": "7.4.3",
      "resolved": "https://registry.npmjs.org/openchemlib/-/openchemlib-7.4.3.tgz",
      "integrity": "sha512-dsjKgn0HTmga7gun1mj0EGVqOFfXC4wQlYLb1Lj8yPZzAwfKlxN9JTLWtcm+DzR7XmXIRrglLoDvol6SqfQOwA=="
    },
    "node_modules/react": {
      "version": "18.2.0",
      "resolved": "https://registry.npmjs.org/react/-/react-18.2.0.tgz",
      "integrity": "sha512-/3IjMdb2L9QbBdWiW5e3P2/npwMBaU9mHCSCUzNln0ZCYbcfTsGbTJrU/kGemdH2IWmB2ioZ+zkxtmq6g09fGQ==",
      "dependencies": {
        "loose-envify": "^1.1.0"
      },
      "engines": {
        "node": ">=0.10.0"
      }
    },
    "node_modules/rxjs": {
      "version": "6.6.7",
      "resolved": "https://registry.npmjs.org/rxjs/-/rxjs-6.6.7.tgz",
      "integrity": "sha512-hTdwr+7yYNIT5n4AMYp85KA6yw2Va0FLa3Rguvbpa4W3I5xynaBZo41cM3XM+4Q6fRMj3sBYIR1VAmZMXYJvRQ==",
      "dependencies": {
        "tslib": "^1.9.0"
      },
      "engines": {
        "npm": ">=2.0.0"
      }
    },
    "node_modules/tslib": {
      "version": "1.14.1",
      "resolved": "https://registry.npmjs.org/tslib/-/tslib-1.14.1.tgz",
      "integrity": "sha512-Xni35NKzjgMrwevysHTCArtLDpPvye8zV/0E4EyYn43P7/7qvQwPh9BGkHewbMulVntbigmcT7rdX3BNo9wRJg=="
    },
    "node_modules/typescript": {
      "version": "4.7.4",
      "resolved": "https://registry.npmjs.org/typescript/-/typescript-4.7.4.tgz",
      "integrity": "sha512-C0WQT0gezHuw6AdY1M2jxUO83Rjf0HP7Sk1DtXj6j1EwkQNZrHAg2XPWlq62oqEhYvONq5pkC2Y9oPljWToLmQ==",
      "bin": {
        "tsc": "bin/tsc",
        "tsserver": "bin/tsserver"
      },
      "engines": {
        "node": ">=4.2.0"
      }
    },
    "node_modules/wu": {
      "version": "2.1.0",
      "resolved": "https://registry.npmjs.org/wu/-/wu-2.1.0.tgz",
      "integrity": "sha512-j+Gdt5IUK4eoLO6mrN/ZurInHacaxr/EPCvQHf1ARq6ROdKRN/aFtc0PGdH9lnRPMg6vhJOOqIYdNhMN6uWtUg=="
    }
  },
  "dependencies": {
    "@types/prop-types": {
      "version": "15.7.5",
      "resolved": "https://registry.npmjs.org/@types/prop-types/-/prop-types-15.7.5.tgz",
      "integrity": "sha512-JCB8C6SnDoQf0cNycqd/35A7MjcnK+ZTqE7judS6o7utxUCg6imJg3QK2qzHKszlTjcj2cn+NwMB2i96ubpj7w=="
    },
    "@types/react": {
      "version": "18.0.15",
      "resolved": "https://registry.npmjs.org/@types/react/-/react-18.0.15.tgz",
      "integrity": "sha512-iz3BtLuIYH1uWdsv6wXYdhozhqj20oD4/Hk2DNXIn1kFsmp9x8d9QB6FnPhfkbhd2PgEONt9Q1x/ebkwjfFLow==",
      "requires": {
        "@types/prop-types": "*",
        "@types/scheduler": "*",
        "csstype": "^3.0.2"
      }
    },
    "@types/scheduler": {
      "version": "0.16.2",
      "resolved": "https://registry.npmjs.org/@types/scheduler/-/scheduler-0.16.2.tgz",
      "integrity": "sha512-hppQEBDmlwhFAXKJX2KnWLYu5yMfi91yazPb2l+lbJiwW+wdo1gNeRA+3RgNSO39WYX2euey41KEwnqesU2Jew=="
    },
    "@types/wu": {
      "version": "2.1.42",
      "resolved": "https://registry.npmjs.org/@types/wu/-/wu-2.1.42.tgz",
      "integrity": "sha512-+GTq3oqVD+DY7iANRfazy8YhLlKwxIG2hTCF72W+yuCbnjZ6PSkxju/3emOZ4+lzMJ7ximpY3XnCQSBjIGbYgw=="
    },
    "cash-dom": {
      "version": "8.1.1",
      "resolved": "https://registry.npmjs.org/cash-dom/-/cash-dom-8.1.1.tgz",
      "integrity": "sha512-aMESow+8m7EuifAeNhpnRHQHN8O24gGeiR53lebD5ShBCisBCoB4y5BBe9pGXtTPP6b1qCp90W9HaaUARyc16Q=="
    },
    "csstype": {
      "version": "3.1.0",
      "resolved": "https://registry.npmjs.org/csstype/-/csstype-3.1.0.tgz",
      "integrity": "sha512-uX1KG+x9h5hIJsaKR9xHUeUraxf8IODOwq9JLNPq6BwB04a/xgpq3rcx47l5BZu5zBPlgD342tdke3Hom/nJRA=="
    },
    "datagrok-api": {
      "version": "1.5.1",
      "resolved": "https://registry.npmjs.org/datagrok-api/-/datagrok-api-1.5.1.tgz",
      "integrity": "sha512-tUOPvjr9k04xC+UT8HvYs8QTr1cr3dYDhAABPT/e2SqPj0AgvsUPNH7amrLsZazDh5q7+X3CULK//yoHzYnOQQ==",
      "requires": {
        "@types/react": "latest",
        "@types/wu": "latest",
        "cash-dom": "^8.0.0",
        "dayjs": "latest",
        "openchemlib": "^7.2.3",
        "react": "latest",
        "rxjs": "^6.5.5",
        "typescript": "^4.2.3",
        "wu": "latest"
      }
    },
    "dayjs": {
      "version": "1.11.4",
      "resolved": "https://registry.npmjs.org/dayjs/-/dayjs-1.11.4.tgz",
      "integrity": "sha512-Zj/lPM5hOvQ1Bf7uAvewDaUcsJoI6JmNqmHhHl3nyumwe0XHwt8sWdOVAPACJzCebL8gQCi+K49w7iKWnGwX9g=="
    },
    "js-tokens": {
      "version": "4.0.0",
      "resolved": "https://registry.npmjs.org/js-tokens/-/js-tokens-4.0.0.tgz",
      "integrity": "sha512-RdJUflcE3cUzKiMqQgsCu06FPu9UdIJO0beYbPhHN4k6apgJtifcoCtT9bcxOpYBtpD2kCM6Sbzg4CausW/PKQ=="
    },
    "loose-envify": {
      "version": "1.4.0",
      "resolved": "https://registry.npmjs.org/loose-envify/-/loose-envify-1.4.0.tgz",
      "integrity": "sha512-lyuxPGr/Wfhrlem2CL/UcnUc1zcqKAImBDzukY7Y5F/yQiNdko6+fRLevlw1HgMySw7f611UIY408EtxRSoK3Q==",
      "requires": {
        "js-tokens": "^3.0.0 || ^4.0.0"
      }
    },
    "openchemlib": {
      "version": "7.4.3",
      "resolved": "https://registry.npmjs.org/openchemlib/-/openchemlib-7.4.3.tgz",
      "integrity": "sha512-dsjKgn0HTmga7gun1mj0EGVqOFfXC4wQlYLb1Lj8yPZzAwfKlxN9JTLWtcm+DzR7XmXIRrglLoDvol6SqfQOwA=="
    },
    "react": {
      "version": "18.2.0",
      "resolved": "https://registry.npmjs.org/react/-/react-18.2.0.tgz",
      "integrity": "sha512-/3IjMdb2L9QbBdWiW5e3P2/npwMBaU9mHCSCUzNln0ZCYbcfTsGbTJrU/kGemdH2IWmB2ioZ+zkxtmq6g09fGQ==",
      "requires": {
        "loose-envify": "^1.1.0"
      }
    },
    "rxjs": {
      "version": "6.6.7",
      "resolved": "https://registry.npmjs.org/rxjs/-/rxjs-6.6.7.tgz",
      "integrity": "sha512-hTdwr+7yYNIT5n4AMYp85KA6yw2Va0FLa3Rguvbpa4W3I5xynaBZo41cM3XM+4Q6fRMj3sBYIR1VAmZMXYJvRQ==",
      "requires": {
        "tslib": "^1.9.0"
      }
    },
    "tslib": {
      "version": "1.14.1",
      "resolved": "https://registry.npmjs.org/tslib/-/tslib-1.14.1.tgz",
      "integrity": "sha512-Xni35NKzjgMrwevysHTCArtLDpPvye8zV/0E4EyYn43P7/7qvQwPh9BGkHewbMulVntbigmcT7rdX3BNo9wRJg=="
    },
    "typescript": {
      "version": "4.7.4",
      "resolved": "https://registry.npmjs.org/typescript/-/typescript-4.7.4.tgz",
      "integrity": "sha512-C0WQT0gezHuw6AdY1M2jxUO83Rjf0HP7Sk1DtXj6j1EwkQNZrHAg2XPWlq62oqEhYvONq5pkC2Y9oPljWToLmQ=="
    },
    "wu": {
      "version": "2.1.0",
      "resolved": "https://registry.npmjs.org/wu/-/wu-2.1.0.tgz",
      "integrity": "sha512-j+Gdt5IUK4eoLO6mrN/ZurInHacaxr/EPCvQHf1ARq6ROdKRN/aFtc0PGdH9lnRPMg6vhJOOqIYdNhMN6uWtUg=="
    }
  }
}
