{
	"name": "@datagrok/charts",
	"version": "0.0.5",
	"lockfileVersion": 1,
	"requires": true,
	"dependencies": {
		"@types/prop-types": {
			"version": "15.7.4",
			"resolved": "https://registry.npmjs.org/@types/prop-types/-/prop-types-15.7.4.tgz",
			"integrity": "sha512-rZ5drC/jWjrArrS8BR6SIr4cWpW09RNTYt9AMZo3Jwwif+iacXAqgVjm0B0Bv/S1jhDXKHqRVNCbACkJ89RAnQ=="
		},
		"@types/scheduler": {
			"version": "0.16.2",
			"resolved": "https://registry.npmjs.org/@types/scheduler/-/scheduler-0.16.2.tgz",
			"integrity": "sha512-hppQEBDmlwhFAXKJX2KnWLYu5yMfi91yazPb2l+lbJiwW+wdo1gNeRA+3RgNSO39WYX2euey41KEwnqesU2Jew=="
		},
		"cash-dom": {
			"version": "8.1.0",
			"resolved": "https://registry.npmjs.org/cash-dom/-/cash-dom-8.1.0.tgz",
			"integrity": "sha512-QTa50rFuPaX8klEDEbwLr+jVutwpvZEBQ0NpMMyng+je7gNe9Bz/JsOLHIG24tvNSSSIN/Q1QD0bnF6PQzWKHA=="
		},
		"csstype": {
			"version": "3.0.10",
			"resolved": "https://registry.npmjs.org/csstype/-/csstype-3.0.10.tgz",
			"integrity": "sha512-2u44ZG2OcNUO9HDp/Jl8C07x6pU/eTR3ncV91SiK3dhG9TWvRVsCoJw14Ckx5DgWkzGA3waZWO3d7pgqpUI/XA=="
		},
		"datagrok-api": {
			"version": "0.95.8",
			"resolved": "https://registry.npmjs.org/datagrok-api/-/datagrok-api-0.95.8.tgz",
			"integrity": "sha512-r3q4Njra6hSOhIlw1gDbFBESi+niAlzZZ6wplJRNVpIu+oR12XFW4vgHYvZNhoJsUirOPNq7H6PD7mylAhRRAQ==",
			"requires": {
				"@types/react": "^17.0.37",
				"@types/wu": "^2.1.42",
				"cash-dom": "^8.0.0",
				"dayjs": "^1.10.7",
				"openchemlib": "^7.2.3",
				"react": "^17.0.2",
				"rxjs": "^6.5.5",
				"typescript": "^4.2.3",
				"wu": "^2.1.0"
			},
			"dependencies": {
				"@types/react": {
					"version": "17.0.37",
					"resolved": "https://registry.npmjs.org/@types/react/-/react-17.0.37.tgz",
					"integrity": "sha512-2FS1oTqBGcH/s0E+CjrCCR9+JMpsu9b69RTFO+40ua43ZqP5MmQ4iUde/dMjWR909KxZwmOQIFq6AV6NjEG5xg==",
					"requires": {
						"@types/prop-types": "*",
						"@types/scheduler": "*",
						"csstype": "^3.0.2"
					}
				},
				"@types/wu": {
					"version": "2.1.42",
					"resolved": "https://registry.npmjs.org/@types/wu/-/wu-2.1.42.tgz",
					"integrity": "sha512-+GTq3oqVD+DY7iANRfazy8YhLlKwxIG2hTCF72W+yuCbnjZ6PSkxju/3emOZ4+lzMJ7ximpY3XnCQSBjIGbYgw=="
				},
				"dayjs": {
					"version": "1.10.7",
					"resolved": "https://registry.npmjs.org/dayjs/-/dayjs-1.10.7.tgz",
					"integrity": "sha512-P6twpd70BcPK34K26uJ1KT3wlhpuOAPoMwJzpsIWUxHZ7wpmbdZL/hQqBDfz7hGurYSa5PhzdhDHtt319hL3ig=="
				},
				"react": {
					"version": "17.0.2",
					"resolved": "https://registry.npmjs.org/react/-/react-17.0.2.tgz",
					"integrity": "sha512-gnhPt75i/dq/z3/6q/0asP78D0u592D5L1pd7M8P+dck6Fu/jJeL6iVVK23fptSUZj8Vjf++7wXA8UNclGQcbA==",
					"requires": {
						"loose-envify": "^1.1.0",
						"object-assign": "^4.1.1"
					}
				}
			}
		},
		"echarts": {
			"version": "5.2.2",
			"resolved": "https://registry.npmjs.org/echarts/-/echarts-5.2.2.tgz",
			"integrity": "sha512-yxuBfeIH5c+0FsoRP60w4De6omXhA06c7eUYBsC1ykB6Ys2yK5fSteIYWvkJ4xJVLQgCvAdO8C4mN6MLeJpBaw==",
			"requires": {
				"tslib": "2.3.0",
				"zrender": "5.2.1"
			}
		},
		"echarts-wordcloud": {
			"version": "2.0.0",
			"resolved": "https://registry.npmjs.org/echarts-wordcloud/-/echarts-wordcloud-2.0.0.tgz",
			"integrity": "sha512-K7l6pTklqdW7ZWzT/1CS0KhBSINr/cd7c5N1fVMzZMwLQHEwT7x+nivK7g5hkVh7WNcAv4Dn6/ZS5zMKRozC1g=="
		},
		"js-tokens": {
			"version": "4.0.0",
			"resolved": "https://registry.npmjs.org/js-tokens/-/js-tokens-4.0.0.tgz",
			"integrity": "sha512-RdJUflcE3cUzKiMqQgsCu06FPu9UdIJO0beYbPhHN4k6apgJtifcoCtT9bcxOpYBtpD2kCM6Sbzg4CausW/PKQ=="
		},
		"loose-envify": {
			"version": "1.4.0",
			"resolved": "https://registry.npmjs.org/loose-envify/-/loose-envify-1.4.0.tgz",
			"integrity": "sha512-lyuxPGr/Wfhrlem2CL/UcnUc1zcqKAImBDzukY7Y5F/yQiNdko6+fRLevlw1HgMySw7f611UIY408EtxRSoK3Q==",
			"requires": {
				"js-tokens": "^3.0.0 || ^4.0.0"
			}
		},
		"object-assign": {
			"version": "4.1.1",
			"resolved": "https://registry.npmjs.org/object-assign/-/object-assign-4.1.1.tgz",
			"integrity": "sha1-IQmtx5ZYh8/AXLvUQsrIv7s2CGM="
		},
		"openchemlib": {
			"version": "7.4.3",
			"resolved": "https://registry.npmjs.org/openchemlib/-/openchemlib-7.4.3.tgz",
			"integrity": "sha512-dsjKgn0HTmga7gun1mj0EGVqOFfXC4wQlYLb1Lj8yPZzAwfKlxN9JTLWtcm+DzR7XmXIRrglLoDvol6SqfQOwA=="
		},
		"rxjs": {
			"version": "6.6.7",
			"resolved": "https://registry.npmjs.org/rxjs/-/rxjs-6.6.7.tgz",
			"integrity": "sha512-hTdwr+7yYNIT5n4AMYp85KA6yw2Va0FLa3Rguvbpa4W3I5xynaBZo41cM3XM+4Q6fRMj3sBYIR1VAmZMXYJvRQ==",
			"requires": {
				"tslib": "^1.9.0"
			},
			"dependencies": {
				"tslib": {
					"version": "1.14.1",
					"resolved": "https://registry.npmjs.org/tslib/-/tslib-1.14.1.tgz",
					"integrity": "sha512-Xni35NKzjgMrwevysHTCArtLDpPvye8zV/0E4EyYn43P7/7qvQwPh9BGkHewbMulVntbigmcT7rdX3BNo9wRJg=="
				}
			}
		},
		"tslib": {
			"version": "2.3.0",
			"resolved": "https://registry.npmjs.org/tslib/-/tslib-2.3.0.tgz",
			"integrity": "sha512-N82ooyxVNm6h1riLCoyS9e3fuJ3AMG2zIZs2Gd1ATcSFjSA23Q0fzjjZeh0jbJvWVDZ0cJT8yaNNaaXHzueNjg=="
		},
		"typescript": {
			"version": "4.5.2",
			"resolved": "https://registry.npmjs.org/typescript/-/typescript-4.5.2.tgz",
			"integrity": "sha512-5BlMof9H1yGt0P8/WF+wPNw6GfctgGjXp5hkblpyT+8rkASSmkUKMXrxR0Xg8ThVCi/JnHQiKXeBaEwCeQwMFw=="
		},
		"wu": {
			"version": "2.1.0",
			"resolved": "https://registry.npmjs.org/wu/-/wu-2.1.0.tgz",
			"integrity": "sha1-fnLj+6I+D/Zp3dU34chX09SxYU8="
		},
		"zrender": {
			"version": "5.2.1",
			"resolved": "https://registry.npmjs.org/zrender/-/zrender-5.2.1.tgz",
			"integrity": "sha512-M3bPGZuyLTNBC6LiNKXJwSCtglMp8XUEqEBG+2MdICDI3d1s500Y4P0CzldQGsqpRVB7fkvf3BKQQRxsEaTlsw==",
			"requires": {
				"tslib": "2.3.0"
			}
		}
	}
}
