{
	"name": "@datagrok/charts",
	"version": "0.0.3",
	"lockfileVersion": 2,
	"requires": true,
	"packages": {
		"": {
			"name": "@datagrok/charts",
			"version": "0.0.3",
			"dependencies": {
				"datagrok-api": "../../js-api",
				"echarts": "^5.0.0",
				"echarts-wordcloud": "^2.0.0",
				"wu": "latest"
			}
		},
		"../../js-api": {
			"version": "0.94.9",
			"dependencies": {
				"@types/react": "16.9.43",
				"cash-dom": "^8.0.0",
				"dayjs": "latest",
				"openchemlib": "^7.2.3",
				"rxjs": "^6.5.5",
				"typescript": "^4.2.3"
			},
			"devDependencies": {
				"@typescript-eslint/eslint-plugin": "^4.20.0",
				"@typescript-eslint/parser": "^4.20.0",
				"css-loader": "^5.0.0",
				"eslint": "^7.23.0",
				"style-loader": "^2.0.0",
				"svg-loader": "^0.0.2",
				"ts-loader": "^8.1.0",
				"tui-jsdoc-template": "^1.2.2",
				"typedoc": "^0.20.35",
				"webpack": "4.46.0",
				"webpack-cli": "^4.6.0"
			}
		},
		"node_modules/datagrok-api": {
			"resolved": "../../js-api",
			"link": true
		},
		"node_modules/echarts": {
			"version": "5.2.2",
			"resolved": "https://registry.npmjs.org/echarts/-/echarts-5.2.2.tgz",
			"integrity": "sha512-yxuBfeIH5c+0FsoRP60w4De6omXhA06c7eUYBsC1ykB6Ys2yK5fSteIYWvkJ4xJVLQgCvAdO8C4mN6MLeJpBaw==",
			"dependencies": {
				"tslib": "2.3.0",
				"zrender": "5.2.1"
			}
		},
		"node_modules/echarts-wordcloud": {
			"version": "2.0.0",
			"resolved": "https://registry.npmjs.org/echarts-wordcloud/-/echarts-wordcloud-2.0.0.tgz",
			"integrity": "sha512-K7l6pTklqdW7ZWzT/1CS0KhBSINr/cd7c5N1fVMzZMwLQHEwT7x+nivK7g5hkVh7WNcAv4Dn6/ZS5zMKRozC1g==",
			"peerDependencies": {
				"echarts": "^5.0.1"
			}
		},
		"node_modules/tslib": {
			"version": "2.3.0",
			"resolved": "https://registry.npmjs.org/tslib/-/tslib-2.3.0.tgz",
			"integrity": "sha512-N82ooyxVNm6h1riLCoyS9e3fuJ3AMG2zIZs2Gd1ATcSFjSA23Q0fzjjZeh0jbJvWVDZ0cJT8yaNNaaXHzueNjg=="
		},
		"node_modules/wu": {
			"version": "2.1.0",
			"resolved": "https://registry.npmjs.org/wu/-/wu-2.1.0.tgz",
			"integrity": "sha1-fnLj+6I+D/Zp3dU34chX09SxYU8="
		},
		"node_modules/zrender": {
			"version": "5.2.1",
			"resolved": "https://registry.npmjs.org/zrender/-/zrender-5.2.1.tgz",
			"integrity": "sha512-M3bPGZuyLTNBC6LiNKXJwSCtglMp8XUEqEBG+2MdICDI3d1s500Y4P0CzldQGsqpRVB7fkvf3BKQQRxsEaTlsw==",
			"dependencies": {
				"tslib": "2.3.0"
			}
		}
	},
	"dependencies": {
		"datagrok-api": {
			"version": "file:../../js-api",
			"requires": {
				"@types/react": "16.9.43",
				"@typescript-eslint/eslint-plugin": "^4.20.0",
				"@typescript-eslint/parser": "^4.20.0",
				"cash-dom": "^8.0.0",
				"css-loader": "^5.0.0",
				"dayjs": "latest",
				"eslint": "^7.23.0",
				"openchemlib": "^7.2.3",
				"rxjs": "^6.5.5",
				"style-loader": "^2.0.0",
				"svg-loader": "^0.0.2",
				"ts-loader": "^8.1.0",
				"tui-jsdoc-template": "^1.2.2",
				"typedoc": "^0.20.35",
				"typescript": "^4.2.3",
				"webpack": "4.46.0",
				"webpack-cli": "^4.6.0"
			}
		},
		"echarts": {
			"version": "5.2.2",
			"resolved": "https://registry.npmjs.org/echarts/-/echarts-5.2.2.tgz",
			"integrity": "sha512-yxuBfeIH5c+0FsoRP60w4De6omXhA06c7eUYBsC1ykB6Ys2yK5fSteIYWvkJ4xJVLQgCvAdO8C4mN6MLeJpBaw==",
			"requires": {
				"tslib": "2.3.0",
				"zrender": "5.2.1"
			}
		},
		"echarts-wordcloud": {
			"version": "2.0.0",
			"resolved": "https://registry.npmjs.org/echarts-wordcloud/-/echarts-wordcloud-2.0.0.tgz",
			"integrity": "sha512-K7l6pTklqdW7ZWzT/1CS0KhBSINr/cd7c5N1fVMzZMwLQHEwT7x+nivK7g5hkVh7WNcAv4Dn6/ZS5zMKRozC1g==",
			"requires": {}
		},
		"tslib": {
			"version": "2.3.0",
			"resolved": "https://registry.npmjs.org/tslib/-/tslib-2.3.0.tgz",
			"integrity": "sha512-N82ooyxVNm6h1riLCoyS9e3fuJ3AMG2zIZs2Gd1ATcSFjSA23Q0fzjjZeh0jbJvWVDZ0cJT8yaNNaaXHzueNjg=="
		},
		"wu": {
			"version": "2.1.0",
			"resolved": "https://registry.npmjs.org/wu/-/wu-2.1.0.tgz",
			"integrity": "sha1-fnLj+6I+D/Zp3dU34chX09SxYU8="
		},
		"zrender": {
			"version": "5.2.1",
			"resolved": "https://registry.npmjs.org/zrender/-/zrender-5.2.1.tgz",
			"integrity": "sha512-M3bPGZuyLTNBC6LiNKXJwSCtglMp8XUEqEBG+2MdICDI3d1s500Y4P0CzldQGsqpRVB7fkvf3BKQQRxsEaTlsw==",
			"requires": {
				"tslib": "2.3.0"
			}
		}
	}
}
