{
  "name": "@datagrok-libraries/parallel",
  "version": "0.0.1",
  "lockfileVersion": 2,
  "requires": true,
  "packages": {
    "": {
      "name": "@datagrok-libraries/parallel",
      "version": "0.0.1",
      "dependencies": {
        "@types/node": "^14.14.37",
        "datagrok-api": ">=0.95.8",
        "dts-bundle": "^0.7.3",
        "js-yaml": "^4.1.0",
        "node-fetch": "^2.6.0"
      },
      "devDependencies": {
        "ts-loader": "^9.2.6",
        "typescript": "^4.2.3"
      }
    },
    "node_modules/@types/detect-indent": {
      "version": "0.1.30",
      "resolved": "https://registry.npmjs.org/@types/detect-indent/-/detect-indent-0.1.30.tgz",
      "integrity": "sha1-3GgrtBK05lugmOcO2tc7SDP7kQ0="
    },
    "node_modules/@types/glob": {
      "version": "5.0.30",
      "resolved": "https://registry.npmjs.org/@types/glob/-/glob-5.0.30.tgz",
      "integrity": "sha1-ECZAnFYlqGiQdGAoCNCCsoZ7ilE=",
      "dependencies": {
        "@types/minimatch": "*",
        "@types/node": "*"
      }
    },
    "node_modules/@types/minimatch": {
      "version": "3.0.5",
      "resolved": "https://registry.npmjs.org/@types/minimatch/-/minimatch-3.0.5.tgz",
      "integrity": "sha512-Klz949h02Gz2uZCMGwDUSDS1YBlTdDDgbWHi+81l29tQALUtvz4rAYi5uoVhE5Lagoq6DeqAUlbrHvW/mXDgdQ=="
    },
    "node_modules/@types/mkdirp": {
      "version": "0.3.29",
      "resolved": "https://registry.npmjs.org/@types/mkdirp/-/mkdirp-0.3.29.tgz",
      "integrity": "sha1-fyrX7FX5FEgvybHsS7GuYCjUYGY="
    },
    "node_modules/@types/node": {
      "version": "14.18.7",
      "resolved": "https://registry.npmjs.org/@types/node/-/node-14.18.7.tgz",
      "integrity": "sha512-UpLEO1iBG7esNPusSAjoZhWFK5Mfd8QfwWhHRrg5io13POn/stsBgTCba9suQaFflNA4tc0+6AFM3R6BZNng6A=="
    },
    "node_modules/@types/prop-types": {
      "version": "15.7.4",
      "resolved": "https://registry.npmjs.org/@types/prop-types/-/prop-types-15.7.4.tgz",
      "integrity": "sha512-rZ5drC/jWjrArrS8BR6SIr4cWpW09RNTYt9AMZo3Jwwif+iacXAqgVjm0B0Bv/S1jhDXKHqRVNCbACkJ89RAnQ=="
    },
    "node_modules/@types/scheduler": {
      "version": "0.16.2",
      "resolved": "https://registry.npmjs.org/@types/scheduler/-/scheduler-0.16.2.tgz",
      "integrity": "sha512-hppQEBDmlwhFAXKJX2KnWLYu5yMfi91yazPb2l+lbJiwW+wdo1gNeRA+3RgNSO39WYX2euey41KEwnqesU2Jew=="
    },
    "node_modules/ansi-styles": {
      "version": "4.3.0",
      "resolved": "https://registry.npmjs.org/ansi-styles/-/ansi-styles-4.3.0.tgz",
      "integrity": "sha512-zbB9rCJAT1rbjiVDb2hqKFHNYLxgtk8NURxZ3IZwD3F6NtxbXZQCnnSi1Lkx+IDohdPlFp222wVALIheZJQSEg==",
      "dev": true,
      "dependencies": {
        "color-convert": "^2.0.1"
      },
      "engines": {
        "node": ">=8"
      },
      "funding": {
        "url": "https://github.com/chalk/ansi-styles?sponsor=1"
      }
    },
    "node_modules/argparse": {
      "version": "2.0.1",
      "resolved": "https://registry.npmjs.org/argparse/-/argparse-2.0.1.tgz",
      "integrity": "sha512-8+9WqebbFzpX9OR+Wa6O29asIogeRMzcGtAINdpMHHyAg10f05aSFVBbcEqGf/PXw1EjAZ+q2/bEBg3DvurK3Q=="
    },
    "node_modules/balanced-match": {
      "version": "1.0.2",
      "resolved": "https://registry.npmjs.org/balanced-match/-/balanced-match-1.0.2.tgz",
      "integrity": "sha512-3oSeUO0TMV67hN1AmbXsK4yaqU7tjiHlbxRDZOpH0KW9+CeX4bRAaX0Anxt0tx2MrpRpWwQaPwIlISEJhYU5Pw=="
    },
    "node_modules/brace-expansion": {
      "version": "1.1.11",
      "resolved": "https://registry.npmjs.org/brace-expansion/-/brace-expansion-1.1.11.tgz",
      "integrity": "sha512-iCuPHDFgrHX7H2vEI/5xpz07zSHB00TpugqhmYtVmMO6518mCuRMoOYFldEBl0g187ufozdaHgWKcYFb61qGiA==",
      "dependencies": {
        "balanced-match": "^1.0.0",
        "concat-map": "0.0.1"
      }
    },
    "node_modules/braces": {
      "version": "3.0.2",
      "resolved": "https://registry.npmjs.org/braces/-/braces-3.0.2.tgz",
      "integrity": "sha512-b8um+L1RzM3WDSzvhm6gIz1yfTbBt6YTlcEKAvsmqCZZFw46z626lVj9j1yEPW33H5H+lBQpZMP1k8l+78Ha0A==",
      "dev": true,
      "dependencies": {
        "fill-range": "^7.0.1"
      },
      "engines": {
        "node": ">=8"
      }
    },
    "node_modules/cash-dom": {
      "version": "8.1.0",
      "resolved": "https://registry.npmjs.org/cash-dom/-/cash-dom-8.1.0.tgz",
      "integrity": "sha512-QTa50rFuPaX8klEDEbwLr+jVutwpvZEBQ0NpMMyng+je7gNe9Bz/JsOLHIG24tvNSSSIN/Q1QD0bnF6PQzWKHA=="
    },
    "node_modules/chalk": {
      "version": "4.1.2",
      "resolved": "https://registry.npmjs.org/chalk/-/chalk-4.1.2.tgz",
      "integrity": "sha512-oKnbhFyRIXpUuez8iBMmyEa4nbj4IOQyuhc/wy9kY7/WVPcwIO9VA668Pu8RkO7+0G76SLROeyw9CpQ061i4mA==",
      "dev": true,
      "dependencies": {
        "ansi-styles": "^4.1.0",
        "supports-color": "^7.1.0"
      },
      "engines": {
        "node": ">=10"
      },
      "funding": {
        "url": "https://github.com/chalk/chalk?sponsor=1"
      }
    },
    "node_modules/color-convert": {
      "version": "2.0.1",
      "resolved": "https://registry.npmjs.org/color-convert/-/color-convert-2.0.1.tgz",
      "integrity": "sha512-RRECPsj7iu/xb5oKYcsFHSppFNnsj/52OVTRKb4zP5onXwVF3zVmmToNcOfGC+CRDpfK/U584fMg38ZHCaElKQ==",
      "dev": true,
      "dependencies": {
        "color-name": "~1.1.4"
      },
      "engines": {
        "node": ">=7.0.0"
      }
    },
    "node_modules/color-name": {
      "version": "1.1.4",
      "resolved": "https://registry.npmjs.org/color-name/-/color-name-1.1.4.tgz",
      "integrity": "sha512-dOy+3AuW3a2wNbZHIuMZpTcgjGuLU/uBL/ubcZF9OXbDo8ff4O8yVp5Bf0efS8uEoYo5q4Fx7dY9OgQGXgAsQA==",
      "dev": true
    },
    "node_modules/commander": {
      "version": "2.20.3",
      "resolved": "https://registry.npmjs.org/commander/-/commander-2.20.3.tgz",
      "integrity": "sha512-GpVkmM8vF2vQUkj2LvZmD35JxeJOLCwJ9cUkugyk2nuhbv3+mJvpLYYt+0+USMxE+oj+ey/lJEnhZw75x/OMcQ=="
    },
    "node_modules/concat-map": {
      "version": "0.0.1",
      "resolved": "https://registry.npmjs.org/concat-map/-/concat-map-0.0.1.tgz",
      "integrity": "sha1-2Klr13/Wjfd5OnMDajug1UBdR3s="
    },
    "node_modules/csstype": {
      "version": "3.0.10",
      "resolved": "https://registry.npmjs.org/csstype/-/csstype-3.0.10.tgz",
      "integrity": "sha512-2u44ZG2OcNUO9HDp/Jl8C07x6pU/eTR3ncV91SiK3dhG9TWvRVsCoJw14Ckx5DgWkzGA3waZWO3d7pgqpUI/XA=="
    },
    "node_modules/datagrok-api": {
      "version": "0.113.0",
      "resolved": "https://registry.npmjs.org/datagrok-api/-/datagrok-api-0.113.0.tgz",
      "integrity": "sha512-EfRvokAqWRkt78I5B8oXE7ZpxB2d2l1qAqBV0/8IQwJRpOCeZCMedYdUw0SHhjdE2O4ZZ+xvcfeo+QQB06tshg==",
      "dependencies": {
        "@types/react": "latest",
        "@types/wu": "latest",
        "cash-dom": "^8.0.0",
        "dayjs": "latest",
        "openchemlib": "^7.2.3",
        "react": "latest",
        "rxjs": "^6.5.5",
        "typescript": "^4.2.3",
        "wu": "latest"
      }
    },
    "node_modules/datagrok-api/node_modules/@types/react": {
      "version": "17.0.39",
      "resolved": "https://registry.npmjs.org/@types/react/-/react-17.0.39.tgz",
      "integrity": "sha512-UVavlfAxDd/AgAacMa60Azl7ygyQNRwC/DsHZmKgNvPmRR5p70AJ5Q9EAmL2NWOJmeV+vVUI4IAP7GZrN8h8Ug==",
      "dependencies": {
        "@types/prop-types": "*",
        "@types/scheduler": "*",
        "csstype": "^3.0.2"
      }
    },
    "node_modules/datagrok-api/node_modules/@types/wu": {
      "version": "2.1.42",
      "resolved": "https://registry.npmjs.org/@types/wu/-/wu-2.1.42.tgz",
      "integrity": "sha512-+GTq3oqVD+DY7iANRfazy8YhLlKwxIG2hTCF72W+yuCbnjZ6PSkxju/3emOZ4+lzMJ7ximpY3XnCQSBjIGbYgw=="
    },
    "node_modules/datagrok-api/node_modules/dayjs": {
      "version": "1.10.7",
      "resolved": "https://registry.npmjs.org/dayjs/-/dayjs-1.10.7.tgz",
      "integrity": "sha512-P6twpd70BcPK34K26uJ1KT3wlhpuOAPoMwJzpsIWUxHZ7wpmbdZL/hQqBDfz7hGurYSa5PhzdhDHtt319hL3ig=="
    },
    "node_modules/datagrok-api/node_modules/react": {
      "version": "17.0.2",
      "resolved": "https://registry.npmjs.org/react/-/react-17.0.2.tgz",
      "integrity": "sha512-gnhPt75i/dq/z3/6q/0asP78D0u592D5L1pd7M8P+dck6Fu/jJeL6iVVK23fptSUZj8Vjf++7wXA8UNclGQcbA==",
      "dependencies": {
        "loose-envify": "^1.1.0",
        "object-assign": "^4.1.1"
      },
      "engines": {
        "node": ">=0.10.0"
      }
    },
    "node_modules/datagrok-api/node_modules/wu": {
      "version": "2.1.0",
      "resolved": "https://registry.npmjs.org/wu/-/wu-2.1.0.tgz",
      "integrity": "sha1-fnLj+6I+D/Zp3dU34chX09SxYU8="
    },
    "node_modules/detect-indent": {
      "version": "0.2.0",
      "resolved": "https://registry.npmjs.org/detect-indent/-/detect-indent-0.2.0.tgz",
      "integrity": "sha1-BCkUSYl5rC2fPHPk/z5od9O8krY=",
      "dependencies": {
        "get-stdin": "^0.1.0",
        "minimist": "^0.1.0"
      },
      "bin": {
        "detect-indent": "cli.js"
      },
      "engines": {
        "node": ">=0.10.0"
      }
    },
    "node_modules/dts-bundle": {
      "version": "0.7.3",
      "resolved": "https://registry.npmjs.org/dts-bundle/-/dts-bundle-0.7.3.tgz",
      "integrity": "sha1-Nyt7tpyCB4LmOC9ABzmmnc7T1Zo=",
      "dependencies": {
        "@types/detect-indent": "0.1.30",
        "@types/glob": "5.0.30",
        "@types/mkdirp": "0.3.29",
        "@types/node": "8.0.0",
        "commander": "^2.9.0",
        "detect-indent": "^0.2.0",
        "glob": "^6.0.4",
        "mkdirp": "^0.5.0"
      },
      "bin": {
        "dts-bundle": "lib/dts-bundle.js"
      },
      "engines": {
        "node": ">= 0.10.0"
      }
    },
    "node_modules/dts-bundle/node_modules/@types/node": {
      "version": "8.0.0",
      "resolved": "https://registry.npmjs.org/@types/node/-/node-8.0.0.tgz",
      "integrity": "sha512-j2tekvJCO7j22cs+LO6i0kRPhmQ9MXaPZ55TzOc1lzkN5b6BWqq4AFjl04s1oRRQ1v5rSe+KEvnLUSTonuls/A=="
    },
    "node_modules/enhanced-resolve": {
      "version": "5.8.3",
      "resolved": "https://registry.npmjs.org/enhanced-resolve/-/enhanced-resolve-5.8.3.tgz",
      "integrity": "sha512-EGAbGvH7j7Xt2nc0E7D99La1OiEs8LnyimkRgwExpUMScN6O+3x9tIWs7PLQZVNx4YD+00skHXPXi1yQHpAmZA==",
      "dev": true,
      "dependencies": {
        "graceful-fs": "^4.2.4",
        "tapable": "^2.2.0"
      },
      "engines": {
        "node": ">=10.13.0"
      }
    },
    "node_modules/fill-range": {
      "version": "7.0.1",
      "resolved": "https://registry.npmjs.org/fill-range/-/fill-range-7.0.1.tgz",
      "integrity": "sha512-qOo9F+dMUmC2Lcb4BbVvnKJxTPjCm+RRpe4gDuGrzkL7mEVl/djYSu2OdQ2Pa302N4oqkSg9ir6jaLWJ2USVpQ==",
      "dev": true,
      "dependencies": {
        "to-regex-range": "^5.0.1"
      },
      "engines": {
        "node": ">=8"
      }
    },
    "node_modules/get-stdin": {
      "version": "0.1.0",
      "resolved": "https://registry.npmjs.org/get-stdin/-/get-stdin-0.1.0.tgz",
      "integrity": "sha1-WZivJKr8gC0VyCxoVlfuuLENSpE=",
      "engines": {
        "node": ">=0.10.0"
      }
    },
    "node_modules/glob": {
      "version": "6.0.4",
      "resolved": "https://registry.npmjs.org/glob/-/glob-6.0.4.tgz",
      "integrity": "sha1-DwiGD2oVUSey+t1PnOJLGqtuTSI=",
      "dependencies": {
        "inflight": "^1.0.4",
        "inherits": "2",
        "minimatch": "2 || 3",
        "once": "^1.3.0",
        "path-is-absolute": "^1.0.0"
      },
      "engines": {
        "node": "*"
      }
    },
    "node_modules/graceful-fs": {
      "version": "4.2.9",
      "resolved": "https://registry.npmjs.org/graceful-fs/-/graceful-fs-4.2.9.tgz",
      "integrity": "sha512-NtNxqUcXgpW2iMrfqSfR73Glt39K+BLwWsPs94yR63v45T0Wbej7eRmL5cWfwEgqXnmjQp3zaJTshdRW/qC2ZQ==",
      "dev": true
    },
    "node_modules/has-flag": {
      "version": "4.0.0",
      "resolved": "https://registry.npmjs.org/has-flag/-/has-flag-4.0.0.tgz",
      "integrity": "sha512-EykJT/Q1KjTWctppgIAgfSO0tKVuZUjhgMr17kqTumMl6Afv3EISleU7qZUzoXDFTAHTDC4NOoG/ZxU3EvlMPQ==",
      "dev": true,
      "engines": {
        "node": ">=8"
      }
    },
    "node_modules/inflight": {
      "version": "1.0.6",
      "resolved": "https://registry.npmjs.org/inflight/-/inflight-1.0.6.tgz",
      "integrity": "sha1-Sb1jMdfQLQwJvJEKEHW6gWW1bfk=",
      "dependencies": {
        "once": "^1.3.0",
        "wrappy": "1"
      }
    },
    "node_modules/inherits": {
      "version": "2.0.4",
      "resolved": "https://registry.npmjs.org/inherits/-/inherits-2.0.4.tgz",
      "integrity": "sha512-k/vGaX4/Yla3WzyMCvTQOXYeIHvqOKtnqBduzTHpzpQZzAskKMhZ2K+EnBiSM9zGSoIFeMpXKxa4dYeZIQqewQ=="
    },
    "node_modules/is-number": {
      "version": "7.0.0",
      "resolved": "https://registry.npmjs.org/is-number/-/is-number-7.0.0.tgz",
      "integrity": "sha512-41Cifkg6e8TylSpdtTpeLVMqvSBEVzTttHvERD741+pnZ8ANv0004MRL43QKPDlK9cGvNp6NZWZUBlbGXYxxng==",
      "dev": true,
      "engines": {
        "node": ">=0.12.0"
      }
    },
    "node_modules/js-tokens": {
      "version": "4.0.0",
      "resolved": "https://registry.npmjs.org/js-tokens/-/js-tokens-4.0.0.tgz",
      "integrity": "sha512-RdJUflcE3cUzKiMqQgsCu06FPu9UdIJO0beYbPhHN4k6apgJtifcoCtT9bcxOpYBtpD2kCM6Sbzg4CausW/PKQ=="
    },
    "node_modules/js-yaml": {
      "version": "4.1.0",
      "resolved": "https://registry.npmjs.org/js-yaml/-/js-yaml-4.1.0.tgz",
      "integrity": "sha512-wpxZs9NoxZaJESJGIZTyDEaYpl0FKSA+FB9aJiyemKhMwkxQg63h4T1KJgUGHpTqPDNRcmmYLugrRjJlBtWvRA==",
      "dependencies": {
        "argparse": "^2.0.1"
      },
      "bin": {
        "js-yaml": "bin/js-yaml.js"
      }
    },
    "node_modules/loose-envify": {
      "version": "1.4.0",
      "resolved": "https://registry.npmjs.org/loose-envify/-/loose-envify-1.4.0.tgz",
      "integrity": "sha512-lyuxPGr/Wfhrlem2CL/UcnUc1zcqKAImBDzukY7Y5F/yQiNdko6+fRLevlw1HgMySw7f611UIY408EtxRSoK3Q==",
      "dependencies": {
        "js-tokens": "^3.0.0 || ^4.0.0"
      },
      "bin": {
        "loose-envify": "cli.js"
      }
    },
    "node_modules/lru-cache": {
      "version": "6.0.0",
      "resolved": "https://registry.npmjs.org/lru-cache/-/lru-cache-6.0.0.tgz",
      "integrity": "sha512-Jo6dJ04CmSjuznwJSS3pUeWmd/H0ffTlkXXgwZi+eq1UCmqQwCh+eLsYOYCwY991i2Fah4h1BEMCx4qThGbsiA==",
      "dev": true,
      "dependencies": {
        "yallist": "^4.0.0"
      },
      "engines": {
        "node": ">=10"
      }
    },
    "node_modules/micromatch": {
      "version": "4.0.4",
      "resolved": "https://registry.npmjs.org/micromatch/-/micromatch-4.0.4.tgz",
      "integrity": "sha512-pRmzw/XUcwXGpD9aI9q/0XOwLNygjETJ8y0ao0wdqprrzDa4YnxLcz7fQRZr8voh8V10kGhABbNcHVk5wHgWwg==",
      "dev": true,
      "dependencies": {
        "braces": "^3.0.1",
        "picomatch": "^2.2.3"
      },
      "engines": {
        "node": ">=8.6"
      }
    },
    "node_modules/minimatch": {
      "version": "3.0.4",
      "resolved": "https://registry.npmjs.org/minimatch/-/minimatch-3.0.4.tgz",
      "integrity": "sha512-yJHVQEhyqPLUTgt9B83PXu6W3rx4MvvHvSUvToogpwoGDOUQ+yDrR0HRot+yOCdCO7u4hX3pWft6kWBBcqh0UA==",
      "dependencies": {
        "brace-expansion": "^1.1.7"
      },
      "engines": {
        "node": "*"
      }
    },
    "node_modules/minimist": {
      "version": "0.1.0",
      "resolved": "https://registry.npmjs.org/minimist/-/minimist-0.1.0.tgz",
      "integrity": "sha1-md9lelJXTCHJBXSX33QnkLK0wN4="
    },
    "node_modules/mkdirp": {
      "version": "0.5.5",
      "resolved": "https://registry.npmjs.org/mkdirp/-/mkdirp-0.5.5.tgz",
      "integrity": "sha512-NKmAlESf6jMGym1++R0Ra7wvhV+wFW63FaSOFPwRahvea0gMUcGUhVeAg/0BC0wiv9ih5NYPB1Wn1UEI1/L+xQ==",
      "dependencies": {
        "minimist": "^1.2.5"
      },
      "bin": {
        "mkdirp": "bin/cmd.js"
      }
    },
    "node_modules/mkdirp/node_modules/minimist": {
      "version": "1.2.5",
      "resolved": "https://registry.npmjs.org/minimist/-/minimist-1.2.5.tgz",
      "integrity": "sha512-FM9nNUYrRBAELZQT3xeZQ7fmMOBg6nWNmJKTcgsJeaLstP/UODVpGsr5OhXhhXg6f+qtJ8uiZ+PUxkDWcgIXLw=="
    },
    "node_modules/node-fetch": {
      "version": "2.6.7",
      "resolved": "https://registry.npmjs.org/node-fetch/-/node-fetch-2.6.7.tgz",
      "integrity": "sha512-ZjMPFEfVx5j+y2yF35Kzx5sF7kDzxuDj6ziH4FFbOp87zKDZNx8yExJIb05OGF4Nlt9IHFIMBkRl41VdvcNdbQ==",
      "dependencies": {
        "whatwg-url": "^5.0.0"
      },
      "engines": {
        "node": "4.x || >=6.0.0"
      },
      "peerDependencies": {
        "encoding": "^0.1.0"
      },
      "peerDependenciesMeta": {
        "encoding": {
          "optional": true
        }
      }
    },
    "node_modules/object-assign": {
      "version": "4.1.1",
      "resolved": "https://registry.npmjs.org/object-assign/-/object-assign-4.1.1.tgz",
      "integrity": "sha1-IQmtx5ZYh8/AXLvUQsrIv7s2CGM=",
      "engines": {
        "node": ">=0.10.0"
      }
    },
    "node_modules/once": {
      "version": "1.4.0",
      "resolved": "https://registry.npmjs.org/once/-/once-1.4.0.tgz",
      "integrity": "sha1-WDsap3WWHUsROsF9nFC6753Xa9E=",
      "dependencies": {
        "wrappy": "1"
      }
    },
    "node_modules/openchemlib": {
      "version": "7.4.3",
      "resolved": "https://registry.npmjs.org/openchemlib/-/openchemlib-7.4.3.tgz",
      "integrity": "sha512-dsjKgn0HTmga7gun1mj0EGVqOFfXC4wQlYLb1Lj8yPZzAwfKlxN9JTLWtcm+DzR7XmXIRrglLoDvol6SqfQOwA=="
    },
    "node_modules/path-is-absolute": {
      "version": "1.0.1",
      "resolved": "https://registry.npmjs.org/path-is-absolute/-/path-is-absolute-1.0.1.tgz",
      "integrity": "sha1-F0uSaHNVNP+8es5r9TpanhtcX18=",
      "engines": {
        "node": ">=0.10.0"
      }
    },
    "node_modules/picomatch": {
      "version": "2.3.1",
      "resolved": "https://registry.npmjs.org/picomatch/-/picomatch-2.3.1.tgz",
      "integrity": "sha512-JU3teHTNjmE2VCGFzuY8EXzCDVwEqB2a8fsIvwaStHhAWJEeVd1o1QD80CU6+ZdEXXSLbSsuLwJjkCBWqRQUVA==",
      "dev": true,
      "engines": {
        "node": ">=8.6"
      },
      "funding": {
        "url": "https://github.com/sponsors/jonschlinkert"
      }
    },
    "node_modules/rxjs": {
      "version": "6.6.7",
      "resolved": "https://registry.npmjs.org/rxjs/-/rxjs-6.6.7.tgz",
      "integrity": "sha512-hTdwr+7yYNIT5n4AMYp85KA6yw2Va0FLa3Rguvbpa4W3I5xynaBZo41cM3XM+4Q6fRMj3sBYIR1VAmZMXYJvRQ==",
      "dependencies": {
        "tslib": "^1.9.0"
      },
      "engines": {
        "npm": ">=2.0.0"
      }
    },
    "node_modules/semver": {
      "version": "7.3.5",
      "resolved": "https://registry.npmjs.org/semver/-/semver-7.3.5.tgz",
      "integrity": "sha512-PoeGJYh8HK4BTO/a9Tf6ZG3veo/A7ZVsYrSA6J8ny9nb3B1VrpkuN+z9OE5wfE5p6H4LchYZsegiQgbJD94ZFQ==",
      "dev": true,
      "dependencies": {
        "lru-cache": "^6.0.0"
      },
      "bin": {
        "semver": "bin/semver.js"
      },
      "engines": {
        "node": ">=10"
      }
    },
    "node_modules/supports-color": {
      "version": "7.2.0",
      "resolved": "https://registry.npmjs.org/supports-color/-/supports-color-7.2.0.tgz",
      "integrity": "sha512-qpCAvRl9stuOHveKsn7HncJRvv501qIacKzQlO/+Lwxc9+0q2wLyv4Dfvt80/DPn2pqOBsJdDiogXGR9+OvwRw==",
      "dev": true,
      "dependencies": {
        "has-flag": "^4.0.0"
      },
      "engines": {
        "node": ">=8"
      }
    },
    "node_modules/tapable": {
      "version": "2.2.1",
      "resolved": "https://registry.npmjs.org/tapable/-/tapable-2.2.1.tgz",
      "integrity": "sha512-GNzQvQTOIP6RyTfE2Qxb8ZVlNmw0n88vp1szwWRimP02mnTsx3Wtn5qRdqY9w2XduFNUgvOwhNnQsjwCp+kqaQ==",
      "dev": true,
      "engines": {
        "node": ">=6"
      }
    },
    "node_modules/to-regex-range": {
      "version": "5.0.1",
      "resolved": "https://registry.npmjs.org/to-regex-range/-/to-regex-range-5.0.1.tgz",
      "integrity": "sha512-65P7iz6X5yEr1cwcgvQxbbIw7Uk3gOy5dIdtZ4rDveLqhrdJP+Li/Hx6tyK0NEb+2GCyneCMJiGqrADCSNk8sQ==",
      "dev": true,
      "dependencies": {
        "is-number": "^7.0.0"
      },
      "engines": {
        "node": ">=8.0"
      }
    },
    "node_modules/tr46": {
      "version": "0.0.3",
      "resolved": "https://registry.npmjs.org/tr46/-/tr46-0.0.3.tgz",
      "integrity": "sha1-gYT9NH2snNwYWZLzpmIuFLnZq2o="
    },
    "node_modules/ts-loader": {
      "version": "9.2.6",
      "resolved": "https://registry.npmjs.org/ts-loader/-/ts-loader-9.2.6.tgz",
      "integrity": "sha512-QMTC4UFzHmu9wU2VHZEmWWE9cUajjfcdcws+Gh7FhiO+Dy0RnR1bNz0YCHqhI0yRowCE9arVnNxYHqELOy9Hjw==",
      "dev": true,
      "dependencies": {
        "chalk": "^4.1.0",
        "enhanced-resolve": "^5.0.0",
        "micromatch": "^4.0.0",
        "semver": "^7.3.4"
      },
      "engines": {
        "node": ">=12.0.0"
      },
      "peerDependencies": {
        "typescript": "*",
        "webpack": "^5.0.0"
      }
    },
    "node_modules/tslib": {
      "version": "1.14.1",
      "resolved": "https://registry.npmjs.org/tslib/-/tslib-1.14.1.tgz",
      "integrity": "sha512-Xni35NKzjgMrwevysHTCArtLDpPvye8zV/0E4EyYn43P7/7qvQwPh9BGkHewbMulVntbigmcT7rdX3BNo9wRJg=="
    },
    "node_modules/typescript": {
      "version": "4.5.4",
      "resolved": "https://registry.npmjs.org/typescript/-/typescript-4.5.4.tgz",
      "integrity": "sha512-VgYs2A2QIRuGphtzFV7aQJduJ2gyfTljngLzjpfW9FoYZF6xuw1W0vW9ghCKLfcWrCFxK81CSGRAvS1pn4fIUg==",
      "bin": {
        "tsc": "bin/tsc",
        "tsserver": "bin/tsserver"
      },
      "engines": {
        "node": ">=4.2.0"
      }
    },
    "node_modules/webidl-conversions": {
      "version": "3.0.1",
      "resolved": "https://registry.npmjs.org/webidl-conversions/-/webidl-conversions-3.0.1.tgz",
      "integrity": "sha1-JFNCdeKnvGvnvIZhHMFq4KVlSHE="
    },
    "node_modules/whatwg-url": {
      "version": "5.0.0",
      "resolved": "https://registry.npmjs.org/whatwg-url/-/whatwg-url-5.0.0.tgz",
      "integrity": "sha1-lmRU6HZUYuN2RNNib2dCzotwll0=",
      "dependencies": {
        "tr46": "~0.0.3",
        "webidl-conversions": "^3.0.0"
      }
    },
    "node_modules/wrappy": {
      "version": "1.0.2",
      "resolved": "https://registry.npmjs.org/wrappy/-/wrappy-1.0.2.tgz",
      "integrity": "sha1-tSQ9jz7BqjXxNkYFvA0QNuMKtp8="
    },
    "node_modules/yallist": {
      "version": "4.0.0",
      "resolved": "https://registry.npmjs.org/yallist/-/yallist-4.0.0.tgz",
      "integrity": "sha512-3wdGidZyq5PB084XLES5TpOSRA3wjXAlIWMhum2kRcv/41Sn2emQ0dycQW4uZXLejwKvg6EsvbdlVL+FYEct7A==",
      "dev": true
    }
  },
  "dependencies": {
    "@types/detect-indent": {
      "version": "0.1.30",
      "resolved": "https://registry.npmjs.org/@types/detect-indent/-/detect-indent-0.1.30.tgz",
      "integrity": "sha1-3GgrtBK05lugmOcO2tc7SDP7kQ0="
    },
    "@types/glob": {
      "version": "5.0.30",
      "resolved": "https://registry.npmjs.org/@types/glob/-/glob-5.0.30.tgz",
      "integrity": "sha1-ECZAnFYlqGiQdGAoCNCCsoZ7ilE=",
      "requires": {
        "@types/minimatch": "*",
        "@types/node": "*"
      }
    },
    "@types/minimatch": {
      "version": "3.0.5",
      "resolved": "https://registry.npmjs.org/@types/minimatch/-/minimatch-3.0.5.tgz",
      "integrity": "sha512-Klz949h02Gz2uZCMGwDUSDS1YBlTdDDgbWHi+81l29tQALUtvz4rAYi5uoVhE5Lagoq6DeqAUlbrHvW/mXDgdQ=="
    },
    "@types/mkdirp": {
      "version": "0.3.29",
      "resolved": "https://registry.npmjs.org/@types/mkdirp/-/mkdirp-0.3.29.tgz",
      "integrity": "sha1-fyrX7FX5FEgvybHsS7GuYCjUYGY="
    },
    "@types/node": {
      "version": "14.18.7",
      "resolved": "https://registry.npmjs.org/@types/node/-/node-14.18.7.tgz",
      "integrity": "sha512-UpLEO1iBG7esNPusSAjoZhWFK5Mfd8QfwWhHRrg5io13POn/stsBgTCba9suQaFflNA4tc0+6AFM3R6BZNng6A=="
    },
    "@types/prop-types": {
      "version": "15.7.4",
      "resolved": "https://registry.npmjs.org/@types/prop-types/-/prop-types-15.7.4.tgz",
      "integrity": "sha512-rZ5drC/jWjrArrS8BR6SIr4cWpW09RNTYt9AMZo3Jwwif+iacXAqgVjm0B0Bv/S1jhDXKHqRVNCbACkJ89RAnQ=="
    },
    "@types/scheduler": {
      "version": "0.16.2",
      "resolved": "https://registry.npmjs.org/@types/scheduler/-/scheduler-0.16.2.tgz",
      "integrity": "sha512-hppQEBDmlwhFAXKJX2KnWLYu5yMfi91yazPb2l+lbJiwW+wdo1gNeRA+3RgNSO39WYX2euey41KEwnqesU2Jew=="
    },
    "ansi-styles": {
      "version": "4.3.0",
      "resolved": "https://registry.npmjs.org/ansi-styles/-/ansi-styles-4.3.0.tgz",
      "integrity": "sha512-zbB9rCJAT1rbjiVDb2hqKFHNYLxgtk8NURxZ3IZwD3F6NtxbXZQCnnSi1Lkx+IDohdPlFp222wVALIheZJQSEg==",
      "dev": true,
      "requires": {
        "color-convert": "^2.0.1"
      }
    },
    "argparse": {
      "version": "2.0.1",
      "resolved": "https://registry.npmjs.org/argparse/-/argparse-2.0.1.tgz",
      "integrity": "sha512-8+9WqebbFzpX9OR+Wa6O29asIogeRMzcGtAINdpMHHyAg10f05aSFVBbcEqGf/PXw1EjAZ+q2/bEBg3DvurK3Q=="
    },
    "balanced-match": {
      "version": "1.0.2",
      "resolved": "https://registry.npmjs.org/balanced-match/-/balanced-match-1.0.2.tgz",
      "integrity": "sha512-3oSeUO0TMV67hN1AmbXsK4yaqU7tjiHlbxRDZOpH0KW9+CeX4bRAaX0Anxt0tx2MrpRpWwQaPwIlISEJhYU5Pw=="
    },
    "brace-expansion": {
      "version": "1.1.11",
      "resolved": "https://registry.npmjs.org/brace-expansion/-/brace-expansion-1.1.11.tgz",
      "integrity": "sha512-iCuPHDFgrHX7H2vEI/5xpz07zSHB00TpugqhmYtVmMO6518mCuRMoOYFldEBl0g187ufozdaHgWKcYFb61qGiA==",
      "requires": {
        "balanced-match": "^1.0.0",
        "concat-map": "0.0.1"
      }
    },
    "braces": {
      "version": "3.0.2",
      "resolved": "https://registry.npmjs.org/braces/-/braces-3.0.2.tgz",
      "integrity": "sha512-b8um+L1RzM3WDSzvhm6gIz1yfTbBt6YTlcEKAvsmqCZZFw46z626lVj9j1yEPW33H5H+lBQpZMP1k8l+78Ha0A==",
      "dev": true,
      "requires": {
        "fill-range": "^7.0.1"
      }
    },
    "cash-dom": {
      "version": "8.1.0",
      "resolved": "https://registry.npmjs.org/cash-dom/-/cash-dom-8.1.0.tgz",
      "integrity": "sha512-QTa50rFuPaX8klEDEbwLr+jVutwpvZEBQ0NpMMyng+je7gNe9Bz/JsOLHIG24tvNSSSIN/Q1QD0bnF6PQzWKHA=="
    },
    "chalk": {
      "version": "4.1.2",
      "resolved": "https://registry.npmjs.org/chalk/-/chalk-4.1.2.tgz",
      "integrity": "sha512-oKnbhFyRIXpUuez8iBMmyEa4nbj4IOQyuhc/wy9kY7/WVPcwIO9VA668Pu8RkO7+0G76SLROeyw9CpQ061i4mA==",
      "dev": true,
      "requires": {
        "ansi-styles": "^4.1.0",
        "supports-color": "^7.1.0"
      }
    },
    "color-convert": {
      "version": "2.0.1",
      "resolved": "https://registry.npmjs.org/color-convert/-/color-convert-2.0.1.tgz",
      "integrity": "sha512-RRECPsj7iu/xb5oKYcsFHSppFNnsj/52OVTRKb4zP5onXwVF3zVmmToNcOfGC+CRDpfK/U584fMg38ZHCaElKQ==",
      "dev": true,
      "requires": {
        "color-name": "~1.1.4"
      }
    },
    "color-name": {
      "version": "1.1.4",
      "resolved": "https://registry.npmjs.org/color-name/-/color-name-1.1.4.tgz",
      "integrity": "sha512-dOy+3AuW3a2wNbZHIuMZpTcgjGuLU/uBL/ubcZF9OXbDo8ff4O8yVp5Bf0efS8uEoYo5q4Fx7dY9OgQGXgAsQA==",
      "dev": true
    },
    "commander": {
      "version": "2.20.3",
      "resolved": "https://registry.npmjs.org/commander/-/commander-2.20.3.tgz",
      "integrity": "sha512-GpVkmM8vF2vQUkj2LvZmD35JxeJOLCwJ9cUkugyk2nuhbv3+mJvpLYYt+0+USMxE+oj+ey/lJEnhZw75x/OMcQ=="
    },
    "concat-map": {
      "version": "0.0.1",
      "resolved": "https://registry.npmjs.org/concat-map/-/concat-map-0.0.1.tgz",
      "integrity": "sha1-2Klr13/Wjfd5OnMDajug1UBdR3s="
    },
    "csstype": {
      "version": "3.0.10",
      "resolved": "https://registry.npmjs.org/csstype/-/csstype-3.0.10.tgz",
      "integrity": "sha512-2u44ZG2OcNUO9HDp/Jl8C07x6pU/eTR3ncV91SiK3dhG9TWvRVsCoJw14Ckx5DgWkzGA3waZWO3d7pgqpUI/XA=="
    },
    "datagrok-api": {
      "version": "0.113.0",
      "resolved": "https://registry.npmjs.org/datagrok-api/-/datagrok-api-0.113.0.tgz",
      "integrity": "sha512-EfRvokAqWRkt78I5B8oXE7ZpxB2d2l1qAqBV0/8IQwJRpOCeZCMedYdUw0SHhjdE2O4ZZ+xvcfeo+QQB06tshg==",
      "requires": {
        "@types/react": "latest",
        "@types/wu": "latest",
        "cash-dom": "^8.0.0",
        "dayjs": "latest",
        "openchemlib": "^7.2.3",
        "react": "latest",
        "rxjs": "^6.5.5",
        "typescript": "^4.2.3",
        "wu": "latest"
      },
      "dependencies": {
        "@types/react": {
          "version": "17.0.39",
          "resolved": "https://registry.npmjs.org/@types/react/-/react-17.0.39.tgz",
          "integrity": "sha512-UVavlfAxDd/AgAacMa60Azl7ygyQNRwC/DsHZmKgNvPmRR5p70AJ5Q9EAmL2NWOJmeV+vVUI4IAP7GZrN8h8Ug==",
          "requires": {
            "@types/prop-types": "*",
            "@types/scheduler": "*",
            "csstype": "^3.0.2"
          }
        },
        "@types/wu": {
          "version": "2.1.42",
          "resolved": "https://registry.npmjs.org/@types/wu/-/wu-2.1.42.tgz",
          "integrity": "sha512-+GTq3oqVD+DY7iANRfazy8YhLlKwxIG2hTCF72W+yuCbnjZ6PSkxju/3emOZ4+lzMJ7ximpY3XnCQSBjIGbYgw=="
        },
        "dayjs": {
          "version": "1.10.7",
          "resolved": "https://registry.npmjs.org/dayjs/-/dayjs-1.10.7.tgz",
          "integrity": "sha512-P6twpd70BcPK34K26uJ1KT3wlhpuOAPoMwJzpsIWUxHZ7wpmbdZL/hQqBDfz7hGurYSa5PhzdhDHtt319hL3ig=="
        },
        "react": {
          "version": "17.0.2",
          "resolved": "https://registry.npmjs.org/react/-/react-17.0.2.tgz",
          "integrity": "sha512-gnhPt75i/dq/z3/6q/0asP78D0u592D5L1pd7M8P+dck6Fu/jJeL6iVVK23fptSUZj8Vjf++7wXA8UNclGQcbA==",
          "requires": {
            "loose-envify": "^1.1.0",
            "object-assign": "^4.1.1"
          }
        },
        "wu": {
          "version": "2.1.0",
          "resolved": "https://registry.npmjs.org/wu/-/wu-2.1.0.tgz",
          "integrity": "sha1-fnLj+6I+D/Zp3dU34chX09SxYU8="
        }
      }
    },
    "detect-indent": {
      "version": "0.2.0",
      "resolved": "https://registry.npmjs.org/detect-indent/-/detect-indent-0.2.0.tgz",
      "integrity": "sha1-BCkUSYl5rC2fPHPk/z5od9O8krY=",
      "requires": {
        "get-stdin": "^0.1.0",
        "minimist": "^0.1.0"
      }
    },
    "dts-bundle": {
      "version": "0.7.3",
      "resolved": "https://registry.npmjs.org/dts-bundle/-/dts-bundle-0.7.3.tgz",
      "integrity": "sha1-Nyt7tpyCB4LmOC9ABzmmnc7T1Zo=",
      "requires": {
        "@types/detect-indent": "0.1.30",
        "@types/glob": "5.0.30",
        "@types/mkdirp": "0.3.29",
        "@types/node": "8.0.0",
        "commander": "^2.9.0",
        "detect-indent": "^0.2.0",
        "glob": "^6.0.4",
        "mkdirp": "^0.5.0"
      },
      "dependencies": {
        "@types/node": {
          "version": "8.0.0",
          "resolved": "https://registry.npmjs.org/@types/node/-/node-8.0.0.tgz",
          "integrity": "sha512-j2tekvJCO7j22cs+LO6i0kRPhmQ9MXaPZ55TzOc1lzkN5b6BWqq4AFjl04s1oRRQ1v5rSe+KEvnLUSTonuls/A=="
        }
      }
    },
    "enhanced-resolve": {
      "version": "5.8.3",
      "resolved": "https://registry.npmjs.org/enhanced-resolve/-/enhanced-resolve-5.8.3.tgz",
      "integrity": "sha512-EGAbGvH7j7Xt2nc0E7D99La1OiEs8LnyimkRgwExpUMScN6O+3x9tIWs7PLQZVNx4YD+00skHXPXi1yQHpAmZA==",
      "dev": true,
      "requires": {
        "graceful-fs": "^4.2.4",
        "tapable": "^2.2.0"
      }
    },
    "fill-range": {
      "version": "7.0.1",
      "resolved": "https://registry.npmjs.org/fill-range/-/fill-range-7.0.1.tgz",
      "integrity": "sha512-qOo9F+dMUmC2Lcb4BbVvnKJxTPjCm+RRpe4gDuGrzkL7mEVl/djYSu2OdQ2Pa302N4oqkSg9ir6jaLWJ2USVpQ==",
      "dev": true,
      "requires": {
        "to-regex-range": "^5.0.1"
      }
    },
    "get-stdin": {
      "version": "0.1.0",
      "resolved": "https://registry.npmjs.org/get-stdin/-/get-stdin-0.1.0.tgz",
      "integrity": "sha1-WZivJKr8gC0VyCxoVlfuuLENSpE="
    },
    "glob": {
      "version": "6.0.4",
      "resolved": "https://registry.npmjs.org/glob/-/glob-6.0.4.tgz",
      "integrity": "sha1-DwiGD2oVUSey+t1PnOJLGqtuTSI=",
      "requires": {
        "inflight": "^1.0.4",
        "inherits": "2",
        "minimatch": "2 || 3",
        "once": "^1.3.0",
        "path-is-absolute": "^1.0.0"
      }
    },
    "graceful-fs": {
      "version": "4.2.9",
      "resolved": "https://registry.npmjs.org/graceful-fs/-/graceful-fs-4.2.9.tgz",
      "integrity": "sha512-NtNxqUcXgpW2iMrfqSfR73Glt39K+BLwWsPs94yR63v45T0Wbej7eRmL5cWfwEgqXnmjQp3zaJTshdRW/qC2ZQ==",
      "dev": true
    },
    "has-flag": {
      "version": "4.0.0",
      "resolved": "https://registry.npmjs.org/has-flag/-/has-flag-4.0.0.tgz",
      "integrity": "sha512-EykJT/Q1KjTWctppgIAgfSO0tKVuZUjhgMr17kqTumMl6Afv3EISleU7qZUzoXDFTAHTDC4NOoG/ZxU3EvlMPQ==",
      "dev": true
    },
    "inflight": {
      "version": "1.0.6",
      "resolved": "https://registry.npmjs.org/inflight/-/inflight-1.0.6.tgz",
      "integrity": "sha1-Sb1jMdfQLQwJvJEKEHW6gWW1bfk=",
      "requires": {
        "once": "^1.3.0",
        "wrappy": "1"
      }
    },
    "inherits": {
      "version": "2.0.4",
      "resolved": "https://registry.npmjs.org/inherits/-/inherits-2.0.4.tgz",
      "integrity": "sha512-k/vGaX4/Yla3WzyMCvTQOXYeIHvqOKtnqBduzTHpzpQZzAskKMhZ2K+EnBiSM9zGSoIFeMpXKxa4dYeZIQqewQ=="
    },
    "is-number": {
      "version": "7.0.0",
      "resolved": "https://registry.npmjs.org/is-number/-/is-number-7.0.0.tgz",
      "integrity": "sha512-41Cifkg6e8TylSpdtTpeLVMqvSBEVzTttHvERD741+pnZ8ANv0004MRL43QKPDlK9cGvNp6NZWZUBlbGXYxxng==",
      "dev": true
    },
    "js-tokens": {
      "version": "4.0.0",
      "resolved": "https://registry.npmjs.org/js-tokens/-/js-tokens-4.0.0.tgz",
      "integrity": "sha512-RdJUflcE3cUzKiMqQgsCu06FPu9UdIJO0beYbPhHN4k6apgJtifcoCtT9bcxOpYBtpD2kCM6Sbzg4CausW/PKQ=="
    },
    "js-yaml": {
      "version": "4.1.0",
      "resolved": "https://registry.npmjs.org/js-yaml/-/js-yaml-4.1.0.tgz",
      "integrity": "sha512-wpxZs9NoxZaJESJGIZTyDEaYpl0FKSA+FB9aJiyemKhMwkxQg63h4T1KJgUGHpTqPDNRcmmYLugrRjJlBtWvRA==",
      "requires": {
        "argparse": "^2.0.1"
      }
    },
    "loose-envify": {
      "version": "1.4.0",
      "resolved": "https://registry.npmjs.org/loose-envify/-/loose-envify-1.4.0.tgz",
      "integrity": "sha512-lyuxPGr/Wfhrlem2CL/UcnUc1zcqKAImBDzukY7Y5F/yQiNdko6+fRLevlw1HgMySw7f611UIY408EtxRSoK3Q==",
      "requires": {
        "js-tokens": "^3.0.0 || ^4.0.0"
      }
    },
    "lru-cache": {
      "version": "6.0.0",
      "resolved": "https://registry.npmjs.org/lru-cache/-/lru-cache-6.0.0.tgz",
      "integrity": "sha512-Jo6dJ04CmSjuznwJSS3pUeWmd/H0ffTlkXXgwZi+eq1UCmqQwCh+eLsYOYCwY991i2Fah4h1BEMCx4qThGbsiA==",
      "dev": true,
      "requires": {
        "yallist": "^4.0.0"
      }
    },
    "micromatch": {
      "version": "4.0.4",
      "resolved": "https://registry.npmjs.org/micromatch/-/micromatch-4.0.4.tgz",
      "integrity": "sha512-pRmzw/XUcwXGpD9aI9q/0XOwLNygjETJ8y0ao0wdqprrzDa4YnxLcz7fQRZr8voh8V10kGhABbNcHVk5wHgWwg==",
      "dev": true,
      "requires": {
        "braces": "^3.0.1",
        "picomatch": "^2.2.3"
      }
    },
    "minimatch": {
      "version": "3.0.4",
      "resolved": "https://registry.npmjs.org/minimatch/-/minimatch-3.0.4.tgz",
      "integrity": "sha512-yJHVQEhyqPLUTgt9B83PXu6W3rx4MvvHvSUvToogpwoGDOUQ+yDrR0HRot+yOCdCO7u4hX3pWft6kWBBcqh0UA==",
      "requires": {
        "brace-expansion": "^1.1.7"
      }
    },
    "minimist": {
      "version": "0.1.0",
      "resolved": "https://registry.npmjs.org/minimist/-/minimist-0.1.0.tgz",
      "integrity": "sha1-md9lelJXTCHJBXSX33QnkLK0wN4="
    },
    "mkdirp": {
      "version": "0.5.5",
      "resolved": "https://registry.npmjs.org/mkdirp/-/mkdirp-0.5.5.tgz",
      "integrity": "sha512-NKmAlESf6jMGym1++R0Ra7wvhV+wFW63FaSOFPwRahvea0gMUcGUhVeAg/0BC0wiv9ih5NYPB1Wn1UEI1/L+xQ==",
      "requires": {
        "minimist": "^1.2.5"
      },
      "dependencies": {
        "minimist": {
          "version": "1.2.5",
          "resolved": "https://registry.npmjs.org/minimist/-/minimist-1.2.5.tgz",
          "integrity": "sha512-FM9nNUYrRBAELZQT3xeZQ7fmMOBg6nWNmJKTcgsJeaLstP/UODVpGsr5OhXhhXg6f+qtJ8uiZ+PUxkDWcgIXLw=="
        }
      }
    },
    "node-fetch": {
      "version": "2.6.7",
      "resolved": "https://registry.npmjs.org/node-fetch/-/node-fetch-2.6.7.tgz",
      "integrity": "sha512-ZjMPFEfVx5j+y2yF35Kzx5sF7kDzxuDj6ziH4FFbOp87zKDZNx8yExJIb05OGF4Nlt9IHFIMBkRl41VdvcNdbQ==",
      "requires": {
        "whatwg-url": "^5.0.0"
      }
    },
    "object-assign": {
      "version": "4.1.1",
      "resolved": "https://registry.npmjs.org/object-assign/-/object-assign-4.1.1.tgz",
      "integrity": "sha1-IQmtx5ZYh8/AXLvUQsrIv7s2CGM="
    },
    "once": {
      "version": "1.4.0",
      "resolved": "https://registry.npmjs.org/once/-/once-1.4.0.tgz",
      "integrity": "sha1-WDsap3WWHUsROsF9nFC6753Xa9E=",
      "requires": {
        "wrappy": "1"
      }
    },
    "openchemlib": {
      "version": "7.4.3",
      "resolved": "https://registry.npmjs.org/openchemlib/-/openchemlib-7.4.3.tgz",
      "integrity": "sha512-dsjKgn0HTmga7gun1mj0EGVqOFfXC4wQlYLb1Lj8yPZzAwfKlxN9JTLWtcm+DzR7XmXIRrglLoDvol6SqfQOwA=="
    },
    "path-is-absolute": {
      "version": "1.0.1",
      "resolved": "https://registry.npmjs.org/path-is-absolute/-/path-is-absolute-1.0.1.tgz",
      "integrity": "sha1-F0uSaHNVNP+8es5r9TpanhtcX18="
    },
    "picomatch": {
      "version": "2.3.1",
      "resolved": "https://registry.npmjs.org/picomatch/-/picomatch-2.3.1.tgz",
      "integrity": "sha512-JU3teHTNjmE2VCGFzuY8EXzCDVwEqB2a8fsIvwaStHhAWJEeVd1o1QD80CU6+ZdEXXSLbSsuLwJjkCBWqRQUVA==",
      "dev": true
    },
    "rxjs": {
      "version": "6.6.7",
      "resolved": "https://registry.npmjs.org/rxjs/-/rxjs-6.6.7.tgz",
      "integrity": "sha512-hTdwr+7yYNIT5n4AMYp85KA6yw2Va0FLa3Rguvbpa4W3I5xynaBZo41cM3XM+4Q6fRMj3sBYIR1VAmZMXYJvRQ==",
      "requires": {
        "tslib": "^1.9.0"
      }
    },
    "semver": {
      "version": "7.3.5",
      "resolved": "https://registry.npmjs.org/semver/-/semver-7.3.5.tgz",
      "integrity": "sha512-PoeGJYh8HK4BTO/a9Tf6ZG3veo/A7ZVsYrSA6J8ny9nb3B1VrpkuN+z9OE5wfE5p6H4LchYZsegiQgbJD94ZFQ==",
      "dev": true,
      "requires": {
        "lru-cache": "^6.0.0"
      }
    },
    "supports-color": {
      "version": "7.2.0",
      "resolved": "https://registry.npmjs.org/supports-color/-/supports-color-7.2.0.tgz",
      "integrity": "sha512-qpCAvRl9stuOHveKsn7HncJRvv501qIacKzQlO/+Lwxc9+0q2wLyv4Dfvt80/DPn2pqOBsJdDiogXGR9+OvwRw==",
      "dev": true,
      "requires": {
        "has-flag": "^4.0.0"
      }
    },
    "tapable": {
      "version": "2.2.1",
      "resolved": "https://registry.npmjs.org/tapable/-/tapable-2.2.1.tgz",
      "integrity": "sha512-GNzQvQTOIP6RyTfE2Qxb8ZVlNmw0n88vp1szwWRimP02mnTsx3Wtn5qRdqY9w2XduFNUgvOwhNnQsjwCp+kqaQ==",
      "dev": true
    },
    "to-regex-range": {
      "version": "5.0.1",
      "resolved": "https://registry.npmjs.org/to-regex-range/-/to-regex-range-5.0.1.tgz",
      "integrity": "sha512-65P7iz6X5yEr1cwcgvQxbbIw7Uk3gOy5dIdtZ4rDveLqhrdJP+Li/Hx6tyK0NEb+2GCyneCMJiGqrADCSNk8sQ==",
      "dev": true,
      "requires": {
        "is-number": "^7.0.0"
      }
    },
    "tr46": {
      "version": "0.0.3",
      "resolved": "https://registry.npmjs.org/tr46/-/tr46-0.0.3.tgz",
      "integrity": "sha1-gYT9NH2snNwYWZLzpmIuFLnZq2o="
    },
    "ts-loader": {
      "version": "9.2.6",
      "resolved": "https://registry.npmjs.org/ts-loader/-/ts-loader-9.2.6.tgz",
      "integrity": "sha512-QMTC4UFzHmu9wU2VHZEmWWE9cUajjfcdcws+Gh7FhiO+Dy0RnR1bNz0YCHqhI0yRowCE9arVnNxYHqELOy9Hjw==",
      "dev": true,
      "requires": {
        "chalk": "^4.1.0",
        "enhanced-resolve": "^5.0.0",
        "micromatch": "^4.0.0",
        "semver": "^7.3.4"
      }
    },
    "tslib": {
      "version": "1.14.1",
      "resolved": "https://registry.npmjs.org/tslib/-/tslib-1.14.1.tgz",
      "integrity": "sha512-Xni35NKzjgMrwevysHTCArtLDpPvye8zV/0E4EyYn43P7/7qvQwPh9BGkHewbMulVntbigmcT7rdX3BNo9wRJg=="
    },
    "typescript": {
      "version": "4.5.4",
      "resolved": "https://registry.npmjs.org/typescript/-/typescript-4.5.4.tgz",
      "integrity": "sha512-VgYs2A2QIRuGphtzFV7aQJduJ2gyfTljngLzjpfW9FoYZF6xuw1W0vW9ghCKLfcWrCFxK81CSGRAvS1pn4fIUg=="
    },
    "webidl-conversions": {
      "version": "3.0.1",
      "resolved": "https://registry.npmjs.org/webidl-conversions/-/webidl-conversions-3.0.1.tgz",
      "integrity": "sha1-JFNCdeKnvGvnvIZhHMFq4KVlSHE="
    },
    "whatwg-url": {
      "version": "5.0.0",
      "resolved": "https://registry.npmjs.org/whatwg-url/-/whatwg-url-5.0.0.tgz",
      "integrity": "sha1-lmRU6HZUYuN2RNNib2dCzotwll0=",
      "requires": {
        "tr46": "~0.0.3",
        "webidl-conversions": "^3.0.0"
      }
    },
    "wrappy": {
      "version": "1.0.2",
      "resolved": "https://registry.npmjs.org/wrappy/-/wrappy-1.0.2.tgz",
      "integrity": "sha1-tSQ9jz7BqjXxNkYFvA0QNuMKtp8="
    },
    "yallist": {
      "version": "4.0.0",
      "resolved": "https://registry.npmjs.org/yallist/-/yallist-4.0.0.tgz",
      "integrity": "sha512-3wdGidZyq5PB084XLES5TpOSRA3wjXAlIWMhum2kRcv/41Sn2emQ0dycQW4uZXLejwKvg6EsvbdlVL+FYEct7A==",
      "dev": true
    }
  }
}
