{
  "name": "@datagrok/playwright-public",
  "version": "1.0.0",
  "lockfileVersion": 3,
  "requires": true,
  "packages": {
    "": {
      "name": "@datagrok/playwright-public",
      "version": "1.0.0",
      "devDependencies": {
        "@datagrok-libraries/test": "^1.3.1",
        "@playwright/test": "^1.48.0",
        "@types/node": "^18.0.0",
        "typescript": "^5.3.3"
      }
    },
    "node_modules/@babel/code-frame": {
      "version": "7.29.7",
      "resolved": "https://registry.npmjs.org/@babel/code-frame/-/code-frame-7.29.7.tgz",
      "integrity": "sha512-Aup7aUOfpbAUg2ROOJN6Iw5f9DMBlzu0mIkm/malLQFN/YQgO48wCj0Kxa3sEHJvPVFg7siR+qRInwXd2qhQKw==",
      "dev": true,
      "license": "MIT",
      "dependencies": {
        "@babel/helper-validator-identifier": "^7.29.7",
        "js-tokens": "^4.0.0",
        "picocolors": "^1.1.1"
      },
      "engines": {
        "node": ">=6.9.0"
      }
    },
    "node_modules/@babel/compat-data": {
      "version": "7.29.7",
      "resolved": "https://registry.npmjs.org/@babel/compat-data/-/compat-data-7.29.7.tgz",
      "integrity": "sha512-locTkQyKvwIEgBzVrn8693ebc97F2U8ZHjbXwDXJ5Fn2TCpNwTlKcaKLkdHop5c/icOFE7qt7Q9JC5hnKNa6Gg==",
      "dev": true,
      "license": "MIT",
      "engines": {
        "node": ">=6.9.0"
      }
    },
    "node_modules/@babel/core": {
      "version": "7.29.7",
      "resolved": "https://registry.npmjs.org/@babel/core/-/core-7.29.7.tgz",
      "integrity": "sha512-RgHBCvtjbOK2gXSNBNIkNoEc9qoVEtau3hj8gEqKQuL3HZAibKarWFEI3Lfm6EYKkLalOh8eSrj9b+ch9H/VBA==",
      "dev": true,
      "license": "MIT",
      "dependencies": {
        "@babel/code-frame": "^7.29.7",
        "@babel/generator": "^7.29.7",
        "@babel/helper-compilation-targets": "^7.29.7",
        "@babel/helper-module-transforms": "^7.29.7",
        "@babel/helpers": "^7.29.7",
        "@babel/parser": "^7.29.7",
        "@babel/template": "^7.29.7",
        "@babel/traverse": "^7.29.7",
        "@babel/types": "^7.29.7",
        "@jridgewell/remapping": "^2.3.5",
        "convert-source-map": "^2.0.0",
        "debug": "^4.1.0",
        "gensync": "^1.0.0-beta.2",
        "json5": "^2.2.3",
        "semver": "^6.3.1"
      },
      "engines": {
        "node": ">=6.9.0"
      },
      "funding": {
        "type": "opencollective",
        "url": "https://opencollective.com/babel"
      }
    },
    "node_modules/@babel/generator": {
      "version": "7.29.7",
      "resolved": "https://registry.npmjs.org/@babel/generator/-/generator-7.29.7.tgz",
      "integrity": "sha512-DkXD5OJQaAQIdZ1bt3UZdEnHAn9Imd3IVBdX03UFe+ony9Ojw5pzr9YVKGDY1jt+Gcn/FnGkNf8r+Vj5NOJWtQ==",
      "dev": true,
      "license": "MIT",
      "dependencies": {
        "@babel/parser": "^7.29.7",
        "@babel/types": "^7.29.7",
        "@jridgewell/gen-mapping": "^0.3.12",
        "@jridgewell/trace-mapping": "^0.3.28",
        "jsesc": "^3.0.2"
      },
      "engines": {
        "node": ">=6.9.0"
      }
    },
    "node_modules/@babel/helper-compilation-targets": {
      "version": "7.29.7",
      "resolved": "https://registry.npmjs.org/@babel/helper-compilation-targets/-/helper-compilation-targets-7.29.7.tgz",
      "integrity": "sha512-wem6WaBj4NaVYVdNhLPPVacES6ZJ+KBBfSkTMD3YZxbP3rm3Di85tJU5ljaUNhaOynt+Aj0xruhYuzQBt8n71g==",
      "dev": true,
      "license": "MIT",
      "dependencies": {
        "@babel/compat-data": "^7.29.7",
        "@babel/helper-validator-option": "^7.29.7",
        "browserslist": "^4.24.0",
        "lru-cache": "^5.1.1",
        "semver": "^6.3.1"
      },
      "engines": {
        "node": ">=6.9.0"
      }
    },
    "node_modules/@babel/helper-globals": {
      "version": "7.29.7",
      "resolved": "https://registry.npmjs.org/@babel/helper-globals/-/helper-globals-7.29.7.tgz",
      "integrity": "sha512-3nQVUAtvkKH9zahfWgw96Jc/uFOmjACE1kQz82E2lqWmHBgjzbNlsC22nuQTfahmWeQtTq5nQ/4Nnd2A1wj4zA==",
      "dev": true,
      "license": "MIT",
      "engines": {
        "node": ">=6.9.0"
      }
    },
    "node_modules/@babel/helper-module-imports": {
      "version": "7.29.7",
      "resolved": "https://registry.npmjs.org/@babel/helper-module-imports/-/helper-module-imports-7.29.7.tgz",
      "integrity": "sha512-ejHwrQQYcm9xnTivShn2IDOlIzInN34AXskvq9QicvCtEzq1Vzclu/tKF8Jq1Cg8JG2GL6/EmjgsCT7lXepE3g==",
      "dev": true,
      "license": "MIT",
      "dependencies": {
        "@babel/traverse": "^7.29.7",
        "@babel/types": "^7.29.7"
      },
      "engines": {
        "node": ">=6.9.0"
      }
    },
    "node_modules/@babel/helper-module-transforms": {
      "version": "7.29.7",
      "resolved": "https://registry.npmjs.org/@babel/helper-module-transforms/-/helper-module-transforms-7.29.7.tgz",
      "integrity": "sha512-UPUVSyXbOh627KiCIGQSgwWzGeBKLkaJ9PJEdrngIwMSzxLR4jS4+f1f1jb7VzBbg8nFLaYotvVPFCTqdrmTAg==",
      "dev": true,
      "license": "MIT",
      "dependencies": {
        "@babel/helper-module-imports": "^7.29.7",
        "@babel/helper-validator-identifier": "^7.29.7",
        "@babel/traverse": "^7.29.7"
      },
      "engines": {
        "node": ">=6.9.0"
      },
      "peerDependencies": {
        "@babel/core": "^7.0.0"
      }
    },
    "node_modules/@babel/helper-string-parser": {
      "version": "7.29.7",
      "resolved": "https://registry.npmjs.org/@babel/helper-string-parser/-/helper-string-parser-7.29.7.tgz",
      "integrity": "sha512-Pb5ijPrZ89GDH8223L4UP8i6QApWxs04RbPQJTeWDV0/keR2E36MeKnyr6LYmUUvqRRI+Iv87SuF1W6ErINzYw==",
      "dev": true,
      "license": "MIT",
      "engines": {
        "node": ">=6.9.0"
      }
    },
    "node_modules/@babel/helper-validator-identifier": {
      "version": "7.29.7",
      "resolved": "https://registry.npmjs.org/@babel/helper-validator-identifier/-/helper-validator-identifier-7.29.7.tgz",
      "integrity": "sha512-qehxGkRj55h/ff8EMaJ+cYhyaKlHIxqYDn682wQD7RNp9UujOQsHog2uS0r2vzr4pW+sXf90NeeayjcNaX3fFg==",
      "dev": true,
      "license": "MIT",
      "engines": {
        "node": ">=6.9.0"
      }
    },
    "node_modules/@babel/helper-validator-option": {
      "version": "7.29.7",
      "resolved": "https://registry.npmjs.org/@babel/helper-validator-option/-/helper-validator-option-7.29.7.tgz",
      "integrity": "sha512-N9ZErrD+yW5geCDtBqnOoxmR8+tNKiGuxKlDpuJxfsqpa2dFcexaziGAE/qoHLiDDreVNMupxGmSoNlyvsA3gw==",
      "dev": true,
      "license": "MIT",
      "engines": {
        "node": ">=6.9.0"
      }
    },
    "node_modules/@babel/helpers": {
      "version": "7.29.7",
      "resolved": "https://registry.npmjs.org/@babel/helpers/-/helpers-7.29.7.tgz",
      "integrity": "sha512-1k2lAGRMfHTcwuNYcCNUmaUffmQv8KWMfh2iJUUeRlwlwH4FdNG7mfPI10NPfLHJFThE4Tyr4mv7kTNZOiPuBg==",
      "dev": true,
      "license": "MIT",
      "dependencies": {
        "@babel/template": "^7.29.7",
        "@babel/types": "^7.29.7"
      },
      "engines": {
        "node": ">=6.9.0"
      }
    },
    "node_modules/@babel/parser": {
      "version": "7.29.7",
      "resolved": "https://registry.npmjs.org/@babel/parser/-/parser-7.29.7.tgz",
      "integrity": "sha512-hnORnjP/1P/zFEndoeX+n+t1RwWRJiJpM/jO7FW32Kn9r5+sJB2JWOdYo4L6k78j15eCwY3Gm/7364B1EMwtNg==",
      "dev": true,
      "license": "MIT",
      "dependencies": {
        "@babel/types": "^7.29.7"
      },
      "bin": {
        "parser": "bin/babel-parser.js"
      },
      "engines": {
        "node": ">=6.0.0"
      }
    },
    "node_modules/@babel/template": {
      "version": "7.29.7",
      "resolved": "https://registry.npmjs.org/@babel/template/-/template-7.29.7.tgz",
      "integrity": "sha512-puq+Gf35oI24FeN11LkoUQFqv9uwNeWpxXZi/Ji3rRIoKAzKnxRaZ+Gkj0vKS9ZCiTESfng1N9LyOyXvo+m+Gg==",
      "dev": true,
      "license": "MIT",
      "dependencies": {
        "@babel/code-frame": "^7.29.7",
        "@babel/parser": "^7.29.7",
        "@babel/types": "^7.29.7"
      },
      "engines": {
        "node": ">=6.9.0"
      }
    },
    "node_modules/@babel/traverse": {
      "version": "7.29.7",
      "resolved": "https://registry.npmjs.org/@babel/traverse/-/traverse-7.29.7.tgz",
      "integrity": "sha512-EhlfNQtZ+NK22w5BM61ciuiq1m58ed33Wr1Xan//ZRTy6hgjnwyCffRYwzsGXdASJSUJ1guZILsErh1eQcl+zw==",
      "dev": true,
      "license": "MIT",
      "dependencies": {
        "@babel/code-frame": "^7.29.7",
        "@babel/generator": "^7.29.7",
        "@babel/helper-globals": "^7.29.7",
        "@babel/parser": "^7.29.7",
        "@babel/template": "^7.29.7",
        "@babel/types": "^7.29.7",
        "debug": "^4.3.1"
      },
      "engines": {
        "node": ">=6.9.0"
      }
    },
    "node_modules/@babel/types": {
      "version": "7.29.7",
      "resolved": "https://registry.npmjs.org/@babel/types/-/types-7.29.7.tgz",
      "integrity": "sha512-4zBIxpPzowiZpusoFkyGVwakdRJUyuH5PxQ/PrqghfdFWWasvnCdPfQXHrenDai+gyLARulZjZowCOj6fjT4pA==",
      "dev": true,
      "license": "MIT",
      "dependencies": {
        "@babel/helper-string-parser": "^7.29.7",
        "@babel/helper-validator-identifier": "^7.29.7"
      },
      "engines": {
        "node": ">=6.9.0"
      }
    },
    "node_modules/@datagrok-libraries/chem-meta": {
      "version": "1.2.12",
      "resolved": "https://registry.npmjs.org/@datagrok-libraries/chem-meta/-/chem-meta-1.2.12.tgz",
      "integrity": "sha512-inHt2TbTATxB+udEx73+VTpfmvKH/8VuvZPzNncYgHKSC95SWZIiExKenbRuwm+/oxmqNYuCI4G5bqXGW2VNig==",
      "dev": true,
      "dependencies": {
        "wu": "^2.1.0"
      }
    },
    "node_modules/@datagrok-libraries/test": {
      "version": "1.3.1",
      "resolved": "https://registry.npmjs.org/@datagrok-libraries/test/-/test-1.3.1.tgz",
      "integrity": "sha512-HmfkEclUsqN1qFGQBLwHOLZol3CVdC/7DXPEAW5B+H4XnJ3HdnVMAgWTM777uD/xoJIcro8erpHHyecZ5lVg0w==",
      "dev": true,
      "dependencies": {
        "cash-dom": "^8.1.1",
        "datagrok-api": "^1.27.0",
        "dayjs": "1.11.19",
        "fast-sha256": "^1.3.0",
        "js-base64": "^3.7.5",
        "rxjs": "^6.5.5",
        "wu": "^2.1.0"
      },
      "peerDependencies": {
        "@playwright/test": ">=1.35.0"
      },
      "peerDependenciesMeta": {
        "@playwright/test": {
          "optional": true
        }
      }
    },
    "node_modules/@jridgewell/gen-mapping": {
      "version": "0.3.13",
      "resolved": "https://registry.npmjs.org/@jridgewell/gen-mapping/-/gen-mapping-0.3.13.tgz",
      "integrity": "sha512-2kkt/7niJ6MgEPxF0bYdQ6etZaA+fQvDcLKckhy1yIQOzaoKjBBjSj63/aLVjYE3qhRt5dvM+uUyfCg6UKCBbA==",
      "dev": true,
      "license": "MIT",
      "dependencies": {
        "@jridgewell/sourcemap-codec": "^1.5.0",
        "@jridgewell/trace-mapping": "^0.3.24"
      }
    },
    "node_modules/@jridgewell/remapping": {
      "version": "2.3.5",
      "resolved": "https://registry.npmjs.org/@jridgewell/remapping/-/remapping-2.3.5.tgz",
      "integrity": "sha512-LI9u/+laYG4Ds1TDKSJW2YPrIlcVYOwi2fUC6xB43lueCjgxV4lffOCZCtYFiH6TNOX+tQKXx97T4IKHbhyHEQ==",
      "dev": true,
      "license": "MIT",
      "dependencies": {
        "@jridgewell/gen-mapping": "^0.3.5",
        "@jridgewell/trace-mapping": "^0.3.24"
      }
    },
    "node_modules/@jridgewell/resolve-uri": {
      "version": "3.1.2",
      "resolved": "https://registry.npmjs.org/@jridgewell/resolve-uri/-/resolve-uri-3.1.2.tgz",
      "integrity": "sha512-bRISgCIjP20/tbWSPWMEi54QVPRZExkuD9lJL+UIxUKtwVJA8wW1Trb1jMs1RFXo1CBTNZ/5hpC9QvmKWdopKw==",
      "dev": true,
      "license": "MIT",
      "engines": {
        "node": ">=6.0.0"
      }
    },
    "node_modules/@jridgewell/sourcemap-codec": {
      "version": "1.5.5",
      "resolved": "https://registry.npmjs.org/@jridgewell/sourcemap-codec/-/sourcemap-codec-1.5.5.tgz",
      "integrity": "sha512-cYQ9310grqxueWbl+WuIUIaiUaDcj7WOq5fVhEljNVgRfOUhY9fy2zTvfoqWsnebh8Sl70VScFbICvJnLKB0Og==",
      "dev": true,
      "license": "MIT"
    },
    "node_modules/@jridgewell/trace-mapping": {
      "version": "0.3.31",
      "resolved": "https://registry.npmjs.org/@jridgewell/trace-mapping/-/trace-mapping-0.3.31.tgz",
      "integrity": "sha512-zzNR+SdQSDJzc8joaeP8QQoCQr8NuYx2dIIytl1QeBEZHJ9uW6hebsrYgbz8hJwUQao3TWCMtmfV8Nu1twOLAw==",
      "dev": true,
      "license": "MIT",
      "dependencies": {
        "@jridgewell/resolve-uri": "^3.1.0",
        "@jridgewell/sourcemap-codec": "^1.4.14"
      }
    },
    "node_modules/@playwright/test": {
      "version": "1.59.1",
      "resolved": "https://registry.npmjs.org/@playwright/test/-/test-1.59.1.tgz",
      "integrity": "sha512-PG6q63nQg5c9rIi4/Z5lR5IVF7yU5MqmKaPOe0HSc0O2cX1fPi96sUQu5j7eo4gKCkB2AnNGoWt7y4/Xx3Kcqg==",
      "dev": true,
      "license": "Apache-2.0",
      "dependencies": {
        "playwright": "1.59.1"
      },
      "bin": {
        "playwright": "cli.js"
      },
      "engines": {
        "node": ">=18"
      }
    },
    "node_modules/@types/node": {
      "version": "18.19.130",
      "resolved": "https://registry.npmjs.org/@types/node/-/node-18.19.130.tgz",
      "integrity": "sha512-GRaXQx6jGfL8sKfaIDD6OupbIHBr9jv7Jnaml9tB7l4v068PAOXqfcujMMo5PhbIs6ggR1XODELqahT2R8v0fg==",
      "dev": true,
      "license": "MIT",
      "dependencies": {
        "undici-types": "~5.26.4"
      }
    },
    "node_modules/@types/prop-types": {
      "version": "15.7.15",
      "resolved": "https://registry.npmjs.org/@types/prop-types/-/prop-types-15.7.15.tgz",
      "integrity": "sha512-F6bEyamV9jKGAFBEmlQnesRPGOQqS2+Uwi0Em15xenOxHaf2hv6L8YCVn3rPdPJOiJfPiCnLIRyvwVaqMY3MIw==",
      "dev": true,
      "license": "MIT"
    },
    "node_modules/@types/react": {
      "version": "18.3.31",
      "resolved": "https://registry.npmjs.org/@types/react/-/react-18.3.31.tgz",
      "integrity": "sha512-vfEqpXTvwT91yhmwdfouStN2hSKwTvyRs8qpLfADyrq/kxDw0hZM7Wk9Ug1FELj8hIby+S/+kQCSRFF32nv2Qw==",
      "dev": true,
      "license": "MIT",
      "dependencies": {
        "@types/prop-types": "*",
        "csstype": "^3.2.2"
      }
    },
    "node_modules/@types/wu": {
      "version": "2.1.44",
      "resolved": "https://registry.npmjs.org/@types/wu/-/wu-2.1.44.tgz",
      "integrity": "sha512-veqvAklPyeT4DJFD66iBwzUKW5zicMDwaDShIvJmDkteQhwhXBKvgydA+yrNN8FnxWUFCI5y9+a2DI5sSwMUlQ==",
      "dev": true,
      "license": "MIT"
    },
    "node_modules/baseline-browser-mapping": {
      "version": "2.10.42",
      "resolved": "https://registry.npmjs.org/baseline-browser-mapping/-/baseline-browser-mapping-2.10.42.tgz",
      "integrity": "sha512-c/jurFrDLyui7o1J86yLkRu4LMsTYcBohveus7/I2Hzdn9KIP2bdJPTue/lR1KH46enoPbD77GKeSYNdyPoD3Q==",
      "dev": true,
      "license": "Apache-2.0",
      "bin": {
        "baseline-browser-mapping": "dist/cli.cjs"
      },
      "engines": {
        "node": ">=6.0.0"
      }
    },
    "node_modules/browserslist": {
      "version": "4.28.5",
      "resolved": "https://registry.npmjs.org/browserslist/-/browserslist-4.28.5.tgz",
      "integrity": "sha512-Cu2E6QejHWzuDMTkuwgpABFgDfZrXLQq5V13YOACZx4mFAG4IwGTbTfHPMr4WtxlHoXSM8FIuRwYYCz5XiabaQ==",
      "dev": true,
      "funding": [
        {
          "type": "opencollective",
          "url": "https://opencollective.com/browserslist"
        },
        {
          "type": "tidelift",
          "url": "https://tidelift.com/funding/github/npm/browserslist"
        },
        {
          "type": "github",
          "url": "https://github.com/sponsors/ai"
        }
      ],
      "license": "MIT",
      "dependencies": {
        "baseline-browser-mapping": "^2.10.42",
        "caniuse-lite": "^1.0.30001800",
        "electron-to-chromium": "^1.5.387",
        "node-releases": "^2.0.50",
        "update-browserslist-db": "^1.2.3"
      },
      "bin": {
        "browserslist": "cli.js"
      },
      "engines": {
        "node": "^6 || ^7 || ^8 || ^9 || ^10 || ^11 || ^12 || >=13.7"
      }
    },
    "node_modules/caniuse-lite": {
      "version": "1.0.30001803",
      "resolved": "https://registry.npmjs.org/caniuse-lite/-/caniuse-lite-1.0.30001803.tgz",
      "integrity": "sha512-g/uHREV2ZpK9qMalCsWaxmA6ol+DX8GYhuf3T40RKoP+oL7vhRJh8LNt73PCjpnR6l14FzfPrB5Yux4PKm2meg==",
      "dev": true,
      "funding": [
        {
          "type": "opencollective",
          "url": "https://opencollective.com/browserslist"
        },
        {
          "type": "tidelift",
          "url": "https://tidelift.com/funding/github/npm/caniuse-lite"
        },
        {
          "type": "github",
          "url": "https://github.com/sponsors/ai"
        }
      ],
      "license": "CC-BY-4.0"
    },
    "node_modules/cash-dom": {
      "version": "8.1.5",
      "resolved": "https://registry.npmjs.org/cash-dom/-/cash-dom-8.1.5.tgz",
      "integrity": "sha512-/BS05CfzyHR5xT2ksKj1sDLPaOv5rSmIwoGxNgdKwUtnIuiJ5neMxVEmZxvfyJiSjGbOMD0Lwe+9v+fszDqHew==",
      "dev": true,
      "license": "MIT"
    },
    "node_modules/convert-source-map": {
      "version": "2.0.0",
      "resolved": "https://registry.npmjs.org/convert-source-map/-/convert-source-map-2.0.0.tgz",
      "integrity": "sha512-Kvp459HrV2FEJ1CAsi1Ku+MY3kasH19TFykTz2xWmMeq6bk2NU3XXvfJ+Q61m0xktWwt+1HSYf3JZsTms3aRJg==",
      "dev": true,
      "license": "MIT"
    },
    "node_modules/csstype": {
      "version": "3.2.3",
      "resolved": "https://registry.npmjs.org/csstype/-/csstype-3.2.3.tgz",
      "integrity": "sha512-z1HGKcYy2xA8AGQfwrn0PAy+PB7X/GSj3UVJW9qKyn43xWa+gl5nXmU4qqLMRzWVLFC8KusUX8T/0kCiOYpAIQ==",
      "dev": true,
      "license": "MIT"
    },
    "node_modules/datagrok-api": {
      "version": "1.27.7",
      "resolved": "https://registry.npmjs.org/datagrok-api/-/datagrok-api-1.27.7.tgz",
      "integrity": "sha512-sVi+oMdVjRa2A6C+E3hEF9DRbUSn68dWabUNAiGOOVhLHo0IXaaDUwv2YgBPfmcfueWaAILFQBYuQYTHvJrl3A==",
      "dev": true,
      "dependencies": {
        "@babel/core": "^7.27.1",
        "@datagrok-libraries/chem-meta": "^1.0.12",
        "@types/react": "^18.3.11",
        "@types/wu": "^2.1.44",
        "cash-dom": "^8.1.5",
        "dayjs": "^1.11.10",
        "openchemlib": "^7.2.3",
        "react": "^18.3.1",
        "rxjs": "^6.5.5",
        "typeahead-standalone": "4.14.1",
        "ws": "^8.18.2",
        "wu": "^2.1.0"
      }
    },
    "node_modules/dayjs": {
      "version": "1.11.19",
      "resolved": "https://registry.npmjs.org/dayjs/-/dayjs-1.11.19.tgz",
      "integrity": "sha512-t5EcLVS6QPBNqM2z8fakk/NKel+Xzshgt8FFKAn+qwlD1pzZWxh0nVCrvFK7ZDb6XucZeF9z8C7CBWTRIVApAw==",
      "dev": true,
      "license": "MIT"
    },
    "node_modules/debug": {
      "version": "4.4.3",
      "resolved": "https://registry.npmjs.org/debug/-/debug-4.4.3.tgz",
      "integrity": "sha512-RGwwWnwQvkVfavKVt22FGLw+xYSdzARwm0ru6DhTVA3umU5hZc28V3kO4stgYryrTlLpuvgI9GiijltAjNbcqA==",
      "dev": true,
      "license": "MIT",
      "dependencies": {
        "ms": "^2.1.3"
      },
      "engines": {
        "node": ">=6.0"
      },
      "peerDependenciesMeta": {
        "supports-color": {
          "optional": true
        }
      }
    },
    "node_modules/electron-to-chromium": {
      "version": "1.5.388",
      "resolved": "https://registry.npmjs.org/electron-to-chromium/-/electron-to-chromium-1.5.388.tgz",
      "integrity": "sha512-Pl/aJaqOOxYxda3vcx1IKSJimwYXHDkEnGn0F+kG2EE68dDtx2uCinaS+Vih8Z91B9t8CSAbiF/HKyWcnXjhzw==",
      "dev": true,
      "license": "ISC"
    },
    "node_modules/escalade": {
      "version": "3.2.0",
      "resolved": "https://registry.npmjs.org/escalade/-/escalade-3.2.0.tgz",
      "integrity": "sha512-WUj2qlxaQtO4g6Pq5c29GTcWGDyd8itL8zTlipgECz3JesAiiOKotd8JU6otB3PACgG6xkJUyVhboMS+bje/jA==",
      "dev": true,
      "license": "MIT",
      "engines": {
        "node": ">=6"
      }
    },
    "node_modules/fast-sha256": {
      "version": "1.3.0",
      "resolved": "https://registry.npmjs.org/fast-sha256/-/fast-sha256-1.3.0.tgz",
      "integrity": "sha512-n11RGP/lrWEFI/bWdygLxhI+pVeo1ZYIVwvvPkW7azl/rOy+F3HYRZ2K5zeE9mmkhQppyv9sQFx0JM9UabnpPQ==",
      "dev": true,
      "license": "Unlicense"
    },
    "node_modules/fsevents": {
      "version": "2.3.2",
      "resolved": "https://registry.npmjs.org/fsevents/-/fsevents-2.3.2.tgz",
      "integrity": "sha512-xiqMQR4xAeHTuB9uWm+fFRcIOgKBMiOBP+eXiyT7jsgVCq1bkVygt00oASowB7EdtpOHaaPgKt812P9ab+DDKA==",
      "dev": true,
      "hasInstallScript": true,
      "license": "MIT",
      "optional": true,
      "os": [
        "darwin"
      ],
      "engines": {
        "node": "^8.16.0 || ^10.6.0 || >=11.0.0"
      }
    },
    "node_modules/gensync": {
      "version": "1.0.0-beta.2",
      "resolved": "https://registry.npmjs.org/gensync/-/gensync-1.0.0-beta.2.tgz",
      "integrity": "sha512-3hN7NaskYvMDLQY55gnW3NQ+mesEAepTqlg+VEbj7zzqEMBVNhzcGYYeqFo/TlYz6eQiFcp1HcsCZO+nGgS8zg==",
      "dev": true,
      "license": "MIT",
      "engines": {
        "node": ">=6.9.0"
      }
    },
    "node_modules/js-base64": {
      "version": "3.8.0",
      "resolved": "https://registry.npmjs.org/js-base64/-/js-base64-3.8.0.tgz",
      "integrity": "sha512-65kvbemyZhj+ExQt1PEFyBEjL5vAHysu1lJdW1AwhhChkO8ZBPizYk/m9GVrpbS2Je1hF+UYZ+6KywqtZV8mHw==",
      "dev": true,
      "license": "BSD-3-Clause"
    },
    "node_modules/js-tokens": {
      "version": "4.0.0",
      "resolved": "https://registry.npmjs.org/js-tokens/-/js-tokens-4.0.0.tgz",
      "integrity": "sha512-RdJUflcE3cUzKiMqQgsCu06FPu9UdIJO0beYbPhHN4k6apgJtifcoCtT9bcxOpYBtpD2kCM6Sbzg4CausW/PKQ==",
      "dev": true,
      "license": "MIT"
    },
    "node_modules/jsesc": {
      "version": "3.1.0",
      "resolved": "https://registry.npmjs.org/jsesc/-/jsesc-3.1.0.tgz",
      "integrity": "sha512-/sM3dO2FOzXjKQhJuo0Q173wf2KOo8t4I8vHy6lF9poUp7bKT0/NHE8fPX23PwfhnykfqnC2xRxOnVw5XuGIaA==",
      "dev": true,
      "license": "MIT",
      "bin": {
        "jsesc": "bin/jsesc"
      },
      "engines": {
        "node": ">=6"
      }
    },
    "node_modules/json5": {
      "version": "2.2.3",
      "resolved": "https://registry.npmjs.org/json5/-/json5-2.2.3.tgz",
      "integrity": "sha512-XmOWe7eyHYH14cLdVPoyg+GOH3rYX++KpzrylJwSW98t3Nk+U8XOl8FWKOgwtzdb8lXGf6zYwDUzeHMWfxasyg==",
      "dev": true,
      "license": "MIT",
      "bin": {
        "json5": "lib/cli.js"
      },
      "engines": {
        "node": ">=6"
      }
    },
    "node_modules/loose-envify": {
      "version": "1.4.0",
      "resolved": "https://registry.npmjs.org/loose-envify/-/loose-envify-1.4.0.tgz",
      "integrity": "sha512-lyuxPGr/Wfhrlem2CL/UcnUc1zcqKAImBDzukY7Y5F/yQiNdko6+fRLevlw1HgMySw7f611UIY408EtxRSoK3Q==",
      "dev": true,
      "license": "MIT",
      "dependencies": {
        "js-tokens": "^3.0.0 || ^4.0.0"
      },
      "bin": {
        "loose-envify": "cli.js"
      }
    },
    "node_modules/lru-cache": {
      "version": "5.1.1",
      "resolved": "https://registry.npmjs.org/lru-cache/-/lru-cache-5.1.1.tgz",
      "integrity": "sha512-KpNARQA3Iwv+jTA0utUVVbrh+Jlrr1Fv0e56GGzAFOXN7dk/FviaDW8LHmK52DlcH4WP2n6gI8vN1aesBFgo9w==",
      "dev": true,
      "license": "ISC",
      "dependencies": {
        "yallist": "^3.0.2"
      }
    },
    "node_modules/ms": {
      "version": "2.1.3",
      "resolved": "https://registry.npmjs.org/ms/-/ms-2.1.3.tgz",
      "integrity": "sha512-6FlzubTLZG3J2a/NVCAleEhjzq5oxgHyaCU9yYXvcLsvoVaHJq/s5xXI6/XXP6tz7R9xAOtHnSO/tXtF3WRTlA==",
      "dev": true,
      "license": "MIT"
    },
    "node_modules/node-releases": {
      "version": "2.0.50",
      "resolved": "https://registry.npmjs.org/node-releases/-/node-releases-2.0.50.tgz",
      "integrity": "sha512-J6l92tKHX6w8Jy5nO1Vuc01NoIiRGi/d6qBKVxh+IQ8Cr3b6HbVNfKiF8ZpFKufTwpwxMmce2W3iQZ861ZRyTg==",
      "dev": true,
      "license": "MIT",
      "engines": {
        "node": ">=18"
      }
    },
    "node_modules/openchemlib": {
      "version": "7.5.0",
      "resolved": "https://registry.npmjs.org/openchemlib/-/openchemlib-7.5.0.tgz",
      "integrity": "sha512-cxEmgL1Szuw5zPDX29PyuAIkokSKPkzEIc/61oPA84GqvGyjMMRrGaF4tbFCDOT4c7ULZ/qmIWk9/ERj3wOg1w==",
      "dev": true,
      "license": "BSD-3-Clause"
    },
    "node_modules/picocolors": {
      "version": "1.1.1",
      "resolved": "https://registry.npmjs.org/picocolors/-/picocolors-1.1.1.tgz",
      "integrity": "sha512-xceH2snhtb5M9liqDsmEw56le376mTZkEX/jEb/RxNFyegNul7eNslCXP9FDj/Lcu0X8KEyMceP2ntpaHrDEVA==",
      "dev": true,
      "license": "ISC"
    },
    "node_modules/playwright": {
      "version": "1.59.1",
      "resolved": "https://registry.npmjs.org/playwright/-/playwright-1.59.1.tgz",
      "integrity": "sha512-C8oWjPR3F81yljW9o5OxcWzfh6avkVwDD2VYdwIGqTkl+OGFISgypqzfu7dOe4QNLL2aqcWBmI3PMtLIK233lw==",
      "dev": true,
      "license": "Apache-2.0",
      "dependencies": {
        "playwright-core": "1.59.1"
      },
      "bin": {
        "playwright": "cli.js"
      },
      "engines": {
        "node": ">=18"
      },
      "optionalDependencies": {
        "fsevents": "2.3.2"
      }
    },
    "node_modules/playwright-core": {
      "version": "1.59.1",
      "resolved": "https://registry.npmjs.org/playwright-core/-/playwright-core-1.59.1.tgz",
      "integrity": "sha512-HBV/RJg81z5BiiZ9yPzIiClYV/QMsDCKUyogwH9p3MCP6IYjUFu/MActgYAvK0oWyV9NlwM3GLBjADyWgydVyg==",
      "dev": true,
      "license": "Apache-2.0",
      "bin": {
        "playwright-core": "cli.js"
      },
      "engines": {
        "node": ">=18"
      }
    },
    "node_modules/react": {
      "version": "18.3.1",
      "resolved": "https://registry.npmjs.org/react/-/react-18.3.1.tgz",
      "integrity": "sha512-wS+hAgJShR0KhEvPJArfuPVN1+Hz1t0Y6n5jLrGQbkb4urgPE/0Rve+1kMB1v/oWgHgm4WIcV+i7F2pTVj+2iQ==",
      "dev": true,
      "license": "MIT",
      "dependencies": {
        "loose-envify": "^1.1.0"
      },
      "engines": {
        "node": ">=0.10.0"
      }
    },
    "node_modules/rxjs": {
      "version": "6.6.7",
      "resolved": "https://registry.npmjs.org/rxjs/-/rxjs-6.6.7.tgz",
      "integrity": "sha512-hTdwr+7yYNIT5n4AMYp85KA6yw2Va0FLa3Rguvbpa4W3I5xynaBZo41cM3XM+4Q6fRMj3sBYIR1VAmZMXYJvRQ==",
      "dev": true,
      "license": "Apache-2.0",
      "dependencies": {
        "tslib": "^1.9.0"
      },
      "engines": {
        "npm": ">=2.0.0"
      }
    },
    "node_modules/semver": {
      "version": "6.3.1",
      "resolved": "https://registry.npmjs.org/semver/-/semver-6.3.1.tgz",
      "integrity": "sha512-BR7VvDCVHO+q2xBEWskxS6DJE1qRnb7DxzUrogb71CWoSficBxYsiAGd+Kl0mmq/MprG9yArRkyrQxTO6XjMzA==",
      "dev": true,
      "license": "ISC",
      "bin": {
        "semver": "bin/semver.js"
      }
    },
    "node_modules/tslib": {
      "version": "1.14.1",
      "resolved": "https://registry.npmjs.org/tslib/-/tslib-1.14.1.tgz",
      "integrity": "sha512-Xni35NKzjgMrwevysHTCArtLDpPvye8zV/0E4EyYn43P7/7qvQwPh9BGkHewbMulVntbigmcT7rdX3BNo9wRJg==",
      "dev": true,
      "license": "0BSD"
    },
    "node_modules/typeahead-standalone": {
      "version": "4.14.1",
      "resolved": "https://registry.npmjs.org/typeahead-standalone/-/typeahead-standalone-4.14.1.tgz",
      "integrity": "sha512-K+mqXmHferhxlyFD5blmOV9UIlazUxumyLWxO5QXnD1cjL6uQ6JGuqvjk0rHt4uz5cD2POAFxnyfkyZUD1ce7A==",
      "dev": true,
      "license": "MIT"
    },
    "node_modules/typescript": {
      "version": "5.9.3",
      "resolved": "https://registry.npmjs.org/typescript/-/typescript-5.9.3.tgz",
      "integrity": "sha512-jl1vZzPDinLr9eUt3J/t7V6FgNEw9QjvBPdysz9KfQDD41fQrC2Y4vKQdiaUpFT4bXlb1RHhLpp8wtm6M5TgSw==",
      "dev": true,
      "license": "Apache-2.0",
      "bin": {
        "tsc": "bin/tsc",
        "tsserver": "bin/tsserver"
      },
      "engines": {
        "node": ">=14.17"
      }
    },
    "node_modules/undici-types": {
      "version": "5.26.5",
      "resolved": "https://registry.npmjs.org/undici-types/-/undici-types-5.26.5.tgz",
      "integrity": "sha512-JlCMO+ehdEIKqlFxk6IfVoAUVmgz7cU7zD/h9XZ0qzeosSHmUJVOzSQvvYSYWXkFXC+IfLKSIffhv0sVZup6pA==",
      "dev": true,
      "license": "MIT"
    },
    "node_modules/update-browserslist-db": {
      "version": "1.2.3",
      "resolved": "https://registry.npmjs.org/update-browserslist-db/-/update-browserslist-db-1.2.3.tgz",
      "integrity": "sha512-Js0m9cx+qOgDxo0eMiFGEueWztz+d4+M3rGlmKPT+T4IS/jP4ylw3Nwpu6cpTTP8R1MAC1kF4VbdLt3ARf209w==",
      "dev": true,
      "funding": [
        {
          "type": "opencollective",
          "url": "https://opencollective.com/browserslist"
        },
        {
          "type": "tidelift",
          "url": "https://tidelift.com/funding/github/npm/browserslist"
        },
        {
          "type": "github",
          "url": "https://github.com/sponsors/ai"
        }
      ],
      "license": "MIT",
      "dependencies": {
        "escalade": "^3.2.0",
        "picocolors": "^1.1.1"
      },
      "bin": {
        "update-browserslist-db": "cli.js"
      },
      "peerDependencies": {
        "browserslist": ">= 4.21.0"
      }
    },
    "node_modules/ws": {
      "version": "8.21.0",
      "resolved": "https://registry.npmjs.org/ws/-/ws-8.21.0.tgz",
      "integrity": "sha512-Vsp28b7DRcimFQvrqu2Wek3z1iYxDCWqHYB8Qsnk/S4RfaCQzPGPyBNuVjJV3cd6UiKtUtp6sNM77gWvzcCH+g==",
      "dev": true,
      "license": "MIT",
      "engines": {
        "node": ">=10.0.0"
      },
      "peerDependencies": {
        "bufferutil": "^4.0.1",
        "utf-8-validate": ">=5.0.2"
      },
      "peerDependenciesMeta": {
        "bufferutil": {
          "optional": true
        },
        "utf-8-validate": {
          "optional": true
        }
      }
    },
    "node_modules/wu": {
      "version": "2.1.0",
      "resolved": "https://registry.npmjs.org/wu/-/wu-2.1.0.tgz",
      "integrity": "sha512-j+Gdt5IUK4eoLO6mrN/ZurInHacaxr/EPCvQHf1ARq6ROdKRN/aFtc0PGdH9lnRPMg6vhJOOqIYdNhMN6uWtUg==",
      "dev": true
    },
    "node_modules/yallist": {
      "version": "3.1.1",
      "resolved": "https://registry.npmjs.org/yallist/-/yallist-3.1.1.tgz",
      "integrity": "sha512-a4UGQaWPH59mOXUYnAG2ewncQS4i4F43Tv3JoAM+s2VDAmS9NsK8GpDMLrCHPksFT7h3K6TOoUNn2pb7RoXx4g==",
      "dev": true,
      "license": "ISC"
    }
  }
}
