dependencies:
- name: datagrok_grok_connect
  repository: https://datagrok-ai.github.io/public/charts
  version: 1.0.0
- name: datagrok_jkg
  repository: https://datagrok-ai.github.io/public/charts
  version: 1.0.0
- name: datagrok_jupyter_notebook
  repository: https://datagrok-ai.github.io/public/charts
  version: 1.0.0
- name: datagrok_grok_spawner
  repository: ""
  version: 1.0.0
digest: sha256:53c26d0f13b0de4f32532884af3a2c0a5f9a65bb135e2f76a2216f99048ef1fc
generated: "2024-09-16T13:16:25.929695052Z"
